<?xml version="1.0" encoding="utf-8"?>
<Project ToolsVersion="15.0" xmlns="http://schemas.microsoft.com/developer/msbuild/2003">
  <ItemGroup>
    <CustomBuild Include="C:\Users\Henry\Documents\Visual Studio 2017\Libraries\glfw-3.2.1\proj\CMakeFiles\d8ebf9ce63f70f77cf6f891847426172\INSTALL_force.rule">
      <Filter>CMake Rules</Filter>
    </CustomBuild>
  </ItemGroup>
  <ItemGroup>
    <Filter Include="CMake Rules">
      <UniqueIdentifier>{9C00DAAA-8707-38E1-A281-B1512AFBAE77}</UniqueIdentifier>
    </Filter>
  </ItemGroup>
</Project>
