Microsoft Visual Studio Solution File, Format Version 12.00
# Visual Studio 15
Project("{8BC9CEB8-8B4A-11D0-8D11-00A0C91BC942}") = "ALL_BUILD", "ALL_BUILD.vcxproj", "{A30AE889-3250-3FFF-85A3-FB158CEA91CC}"
	ProjectSection(ProjectDependencies) = postProject
		{DB15863B-4FB9-3D7E-819B-C58A2CB5BB75} = {DB15863B-4FB9-3D7E-819B-C58A2CB5BB75}
		{CB70D033-6978-3028-99F0-E21CF88AA83E} = {CB70D033-6978-3028-99F0-E21CF88AA83E}
	EndProjectSection
EndProject
Project("{8BC9CEB8-8B4A-11D0-8D11-00A0C91BC942}") = "INSTALL", "INSTALL.vcxproj", "{92043B4E-818A-31F2-91D8-DC113BDC2A82}"
	ProjectSection(ProjectDependencies) = postProject
		{A30AE889-3250-3FFF-85A3-FB158CEA91CC} = {A30AE889-3250-3FFF-85A3-FB158CEA91CC}
		{DB15863B-4FB9-3D7E-819B-C58A2CB5BB75} = {DB15863B-4FB9-3D7E-819B-C58A2CB5BB75}
	EndProjectSection
EndProject
Project("{8BC9CEB8-8B4A-11D0-8D11-00A0C91BC942}") = "PACKAGE", "PACKAGE.vcxproj", "{641B24F6-8E0C-3D1A-9DEA-0DBA9A2BE780}"
	ProjectSection(ProjectDependencies) = postProject
		{A30AE889-3250-3FFF-85A3-FB158CEA91CC} = {A30AE889-3250-3FFF-85A3-FB158CEA91CC}
		{DB15863B-4FB9-3D7E-819B-C58A2CB5BB75} = {DB15863B-4FB9-3D7E-819B-C58A2CB5BB75}
	EndProjectSection
EndProject
Project("{8BC9CEB8-8B4A-11D0-8D11-00A0C91BC942}") = "ZERO_CHECK", "ZERO_CHECK.vcxproj", "{DB15863B-4FB9-3D7E-819B-C58A2CB5BB75}"
	ProjectSection(ProjectDependencies) = postProject
	EndProjectSection
EndProject
Project("{8BC9CEB8-8B4A-11D0-8D11-00A0C91BC942}") = "dist", "dist.vcxproj", "{A59CEAE6-3641-3E6C-A96F-7DC604AF776F}"
	ProjectSection(ProjectDependencies) = postProject
		{DB15863B-4FB9-3D7E-819B-C58A2CB5BB75} = {DB15863B-4FB9-3D7E-819B-C58A2CB5BB75}
	EndProjectSection
EndProject
Project("{8BC9CEB8-8B4A-11D0-8D11-00A0C91BC942}") = "freetype", "freetype.vcxproj", "{CB70D033-6978-3028-99F0-E21CF88AA83E}"
	ProjectSection(ProjectDependencies) = postProject
		{DB15863B-4FB9-3D7E-819B-C58A2CB5BB75} = {DB15863B-4FB9-3D7E-819B-C58A2CB5BB75}
	EndProjectSection
EndProject
Global
	GlobalSection(SolutionConfigurationPlatforms) = preSolution
		Debug|Win32 = Debug|Win32
		Release|Win32 = Release|Win32
		MinSizeRel|Win32 = MinSizeRel|Win32
		RelWithDebInfo|Win32 = RelWithDebInfo|Win32
	EndGlobalSection
	GlobalSection(ProjectConfigurationPlatforms) = postSolution
		{A30AE889-3250-3FFF-85A3-FB158CEA91CC}.Debug|Win32.ActiveCfg = Debug|Win32
		{A30AE889-3250-3FFF-85A3-FB158CEA91CC}.Debug|Win32.Build.0 = Debug|Win32
		{A30AE889-3250-3FFF-85A3-FB158CEA91CC}.Release|Win32.ActiveCfg = Release|Win32
		{A30AE889-3250-3FFF-85A3-FB158CEA91CC}.Release|Win32.Build.0 = Release|Win32
		{A30AE889-3250-3FFF-85A3-FB158CEA91CC}.MinSizeRel|Win32.ActiveCfg = MinSizeRel|Win32
		{A30AE889-3250-3FFF-85A3-FB158CEA91CC}.MinSizeRel|Win32.Build.0 = MinSizeRel|Win32
		{A30AE889-3250-3FFF-85A3-FB158CEA91CC}.RelWithDebInfo|Win32.ActiveCfg = RelWithDebInfo|Win32
		{A30AE889-3250-3FFF-85A3-FB158CEA91CC}.RelWithDebInfo|Win32.Build.0 = RelWithDebInfo|Win32
		{92043B4E-818A-31F2-91D8-DC113BDC2A82}.Debug|Win32.ActiveCfg = Debug|Win32
		{92043B4E-818A-31F2-91D8-DC113BDC2A82}.Release|Win32.ActiveCfg = Release|Win32
		{92043B4E-818A-31F2-91D8-DC113BDC2A82}.MinSizeRel|Win32.ActiveCfg = MinSizeRel|Win32
		{92043B4E-818A-31F2-91D8-DC113BDC2A82}.RelWithDebInfo|Win32.ActiveCfg = RelWithDebInfo|Win32
		{641B24F6-8E0C-3D1A-9DEA-0DBA9A2BE780}.Debug|Win32.ActiveCfg = Debug|Win32
		{641B24F6-8E0C-3D1A-9DEA-0DBA9A2BE780}.Release|Win32.ActiveCfg = Release|Win32
		{641B24F6-8E0C-3D1A-9DEA-0DBA9A2BE780}.MinSizeRel|Win32.ActiveCfg = MinSizeRel|Win32
		{641B24F6-8E0C-3D1A-9DEA-0DBA9A2BE780}.RelWithDebInfo|Win32.ActiveCfg = RelWithDebInfo|Win32
		{DB15863B-4FB9-3D7E-819B-C58A2CB5BB75}.Debug|Win32.ActiveCfg = Debug|Win32
		{DB15863B-4FB9-3D7E-819B-C58A2CB5BB75}.Debug|Win32.Build.0 = Debug|Win32
		{DB15863B-4FB9-3D7E-819B-C58A2CB5BB75}.Release|Win32.ActiveCfg = Release|Win32
		{DB15863B-4FB9-3D7E-819B-C58A2CB5BB75}.Release|Win32.Build.0 = Release|Win32
		{DB15863B-4FB9-3D7E-819B-C58A2CB5BB75}.MinSizeRel|Win32.ActiveCfg = MinSizeRel|Win32
		{DB15863B-4FB9-3D7E-819B-C58A2CB5BB75}.MinSizeRel|Win32.Build.0 = MinSizeRel|Win32
		{DB15863B-4FB9-3D7E-819B-C58A2CB5BB75}.RelWithDebInfo|Win32.ActiveCfg = RelWithDebInfo|Win32
		{DB15863B-4FB9-3D7E-819B-C58A2CB5BB75}.RelWithDebInfo|Win32.Build.0 = RelWithDebInfo|Win32
		{A59CEAE6-3641-3E6C-A96F-7DC604AF776F}.Debug|Win32.ActiveCfg = Debug|Win32
		{A59CEAE6-3641-3E6C-A96F-7DC604AF776F}.Release|Win32.ActiveCfg = Release|Win32
		{A59CEAE6-3641-3E6C-A96F-7DC604AF776F}.MinSizeRel|Win32.ActiveCfg = MinSizeRel|Win32
		{A59CEAE6-3641-3E6C-A96F-7DC604AF776F}.RelWithDebInfo|Win32.ActiveCfg = RelWithDebInfo|Win32
		{CB70D033-6978-3028-99F0-E21CF88AA83E}.Debug|Win32.ActiveCfg = Debug|Win32
		{CB70D033-6978-3028-99F0-E21CF88AA83E}.Debug|Win32.Build.0 = Debug|Win32
		{CB70D033-6978-3028-99F0-E21CF88AA83E}.Release|Win32.ActiveCfg = Release|Win32
		{CB70D033-6978-3028-99F0-E21CF88AA83E}.Release|Win32.Build.0 = Release|Win32
		{CB70D033-6978-3028-99F0-E21CF88AA83E}.MinSizeRel|Win32.ActiveCfg = MinSizeRel|Win32
		{CB70D033-6978-3028-99F0-E21CF88AA83E}.MinSizeRel|Win32.Build.0 = MinSizeRel|Win32
		{CB70D033-6978-3028-99F0-E21CF88AA83E}.RelWithDebInfo|Win32.ActiveCfg = RelWithDebInfo|Win32
		{CB70D033-6978-3028-99F0-E21CF88AA83E}.RelWithDebInfo|Win32.Build.0 = RelWithDebInfo|Win32
	EndGlobalSection
	GlobalSection(ExtensibilityGlobals) = postSolution
		SolutionGuid = {44B8517E-E4DB-3943-89DD-99A948E57BC2}
	EndGlobalSection
	GlobalSection(ExtensibilityAddIns) = postSolution
	EndGlobalSection
EndGlobal
