<?xml version="1.0" encoding="utf-8"?>
<Project ToolsVersion="15.0" xmlns="http://schemas.microsoft.com/developer/msbuild/2003">
  <ItemGroup>
    <CustomBuild Include="C:\Users\Henry\source\repos\Opengl-Text-Rendering\Libraries\freetype-2.9\cmakebuild\CMakeFiles\880b302ab761461c9983b666c54a75de\generate.stamp.rule">
      <Filter>CMake Rules</Filter>
    </CustomBuild>
  </ItemGroup>
  <ItemGroup>
    <Filter Include="CMake Rules">
      <UniqueIdentifier>{C6D1C293-165C-3B16-9CFF-A35D74882374}</UniqueIdentifier>
    </Filter>
  </ItemGroup>
</Project>
