Microsoft Visual Studio Solution File, Format Version 12.00
# Visual Studio 15
VisualStudioVersion = 15.0.27703.2000
MinimumVisualStudioVersion = 10.0.40219.1
Project("{2150E333-8FDC-42A3-9474-1A3956D46DE8}") = "CMakePredefinedTargets", "CMakePredefinedTargets", "{9B57F957-DA91-3230-9D9C-72C9E741C163}"
EndProject
Project("{2150E333-8FDC-42A3-9474-1A3956D46DE8}") = "GLFW3", "GLFW3", "{D4EA9015-1F2E-3DD8-8051-03F4BF58426D}"
EndProject
Project("{2150E333-8FDC-42A3-9474-1A3956D46DE8}") = "Examples", "Examples", "{824C52CA-B799-3E6A-8F61-F7139A2ADD9B}"
EndProject
Project("{2150E333-8FDC-42A3-9474-1A3956D46DE8}") = "Tests", "Tests", "{61C6A98A-53A7-3830-B9AA-745E362824FB}"
EndProject
Project("{8BC9CEB8-8B4A-11D0-8D11-00A0C91BC942}") = "ALL_BUILD", "ALL_BUILD.vcxproj", "{4241DA71-4E34-3CA6-8AF3-28F98EE12BDF}"
	ProjectSection(ProjectDependencies) = postProject
		{868C8854-936C-3B7B-834E-B8A66EA7FE72} = {868C8854-936C-3B7B-834E-B8A66EA7FE72}
		{3D638C04-E8AE-37ED-99E1-2C0D3072DD3E} = {3D638C04-E8AE-37ED-99E1-2C0D3072DD3E}
		{DFF536D0-DB31-3C72-A3B3-9EDDCC32C7ED} = {DFF536D0-DB31-3C72-A3B3-9EDDCC32C7ED}
		{2E30460D-B495-345F-B404-239EF076295A} = {2E30460D-B495-345F-B404-239EF076295A}
		{FE21316B-A9C4-3D15-82DD-6C363D82B3F9} = {FE21316B-A9C4-3D15-82DD-6C363D82B3F9}
		{D4133893-DB84-34AF-8D2E-3C309FFCB1AF} = {D4133893-DB84-34AF-8D2E-3C309FFCB1AF}
		{721426F9-A9B2-3C9C-BF74-A8B98EB872DB} = {721426F9-A9B2-3C9C-BF74-A8B98EB872DB}
		{E7228A34-991B-3967-9750-5C7C4884A841} = {E7228A34-991B-3967-9750-5C7C4884A841}
		{62160165-2892-31CC-9CF1-AAF385CA1F6E} = {62160165-2892-31CC-9CF1-AAF385CA1F6E}
		{46F43EAA-B6D8-3021-B986-1C02E2F3B449} = {46F43EAA-B6D8-3021-B986-1C02E2F3B449}
		{75B5A59B-8CE1-31F7-8412-C0455E9038F6} = {75B5A59B-8CE1-31F7-8412-C0455E9038F6}
		{F7BB373E-6FDF-3A25-AE08-A0994D96FAF0} = {F7BB373E-6FDF-3A25-AE08-A0994D96FAF0}
		{EE415924-DF94-3F8A-86BC-9710863D05CA} = {EE415924-DF94-3F8A-86BC-9710863D05CA}
		{A6608986-E52F-3FB2-95F6-6E851A7C3F1F} = {A6608986-E52F-3FB2-95F6-6E851A7C3F1F}
		{EFDD00F4-756E-3BF9-9539-1B9F1DA0A451} = {EFDD00F4-756E-3BF9-9539-1B9F1DA0A451}
		{EB1ECD07-B8B8-33E1-AF0D-B2B8CA73E234} = {EB1ECD07-B8B8-33E1-AF0D-B2B8CA73E234}
		{67637CA4-FE3E-3D84-953B-63B8E79EE6B5} = {67637CA4-FE3E-3D84-953B-63B8E79EE6B5}
		{7A66DAE5-265D-30FB-8ECD-B3AEDBF2728F} = {7A66DAE5-265D-30FB-8ECD-B3AEDBF2728F}
		{5770B98F-2728-3B93-AD73-5DB8A3945A85} = {5770B98F-2728-3B93-AD73-5DB8A3945A85}
		{D8A861BE-E481-3A3C-BD52-17CFB6D418A0} = {D8A861BE-E481-3A3C-BD52-17CFB6D418A0}
		{EDAD271D-55BB-3302-8FD1-DC1032BF8736} = {EDAD271D-55BB-3302-8FD1-DC1032BF8736}
		{E07A7282-B629-3E47-A3B6-1AD980AF0BFF} = {E07A7282-B629-3E47-A3B6-1AD980AF0BFF}
		{58CCD143-6A5E-3276-86E9-8C755B005249} = {58CCD143-6A5E-3276-86E9-8C755B005249}
		{5AC6F970-69C4-3C9B-8FC5-9753C7B102F9} = {5AC6F970-69C4-3C9B-8FC5-9753C7B102F9}
		{10AF3FCB-BEA3-3C6A-8239-26F211929390} = {10AF3FCB-BEA3-3C6A-8239-26F211929390}
		{3D18E74A-B794-36D9-8E26-C4D476EA33C1} = {3D18E74A-B794-36D9-8E26-C4D476EA33C1}
		{59FBA465-C99B-3E29-8FF7-A431A172F776} = {59FBA465-C99B-3E29-8FF7-A431A172F776}
	EndProjectSection
EndProject
Project("{8BC9CEB8-8B4A-11D0-8D11-00A0C91BC942}") = "INSTALL", "INSTALL.vcxproj", "{3AD2F912-2C6A-3E18-9563-865A5765C8A9}"
	ProjectSection(ProjectDependencies) = postProject
		{4241DA71-4E34-3CA6-8AF3-28F98EE12BDF} = {4241DA71-4E34-3CA6-8AF3-28F98EE12BDF}
		{868C8854-936C-3B7B-834E-B8A66EA7FE72} = {868C8854-936C-3B7B-834E-B8A66EA7FE72}
	EndProjectSection
EndProject
Project("{8BC9CEB8-8B4A-11D0-8D11-00A0C91BC942}") = "ZERO_CHECK", "ZERO_CHECK.vcxproj", "{868C8854-936C-3B7B-834E-B8A66EA7FE72}"
EndProject
Project("{8BC9CEB8-8B4A-11D0-8D11-00A0C91BC942}") = "boing", "examples\boing.vcxproj", "{3D638C04-E8AE-37ED-99E1-2C0D3072DD3E}"
	ProjectSection(ProjectDependencies) = postProject
		{868C8854-936C-3B7B-834E-B8A66EA7FE72} = {868C8854-936C-3B7B-834E-B8A66EA7FE72}
		{62160165-2892-31CC-9CF1-AAF385CA1F6E} = {62160165-2892-31CC-9CF1-AAF385CA1F6E}
	EndProjectSection
EndProject
Project("{8BC9CEB8-8B4A-11D0-8D11-00A0C91BC942}") = "clipboard", "tests\clipboard.vcxproj", "{DFF536D0-DB31-3C72-A3B3-9EDDCC32C7ED}"
	ProjectSection(ProjectDependencies) = postProject
		{868C8854-936C-3B7B-834E-B8A66EA7FE72} = {868C8854-936C-3B7B-834E-B8A66EA7FE72}
		{62160165-2892-31CC-9CF1-AAF385CA1F6E} = {62160165-2892-31CC-9CF1-AAF385CA1F6E}
	EndProjectSection
EndProject
Project("{8BC9CEB8-8B4A-11D0-8D11-00A0C91BC942}") = "cursor", "tests\cursor.vcxproj", "{2E30460D-B495-345F-B404-239EF076295A}"
	ProjectSection(ProjectDependencies) = postProject
		{868C8854-936C-3B7B-834E-B8A66EA7FE72} = {868C8854-936C-3B7B-834E-B8A66EA7FE72}
		{62160165-2892-31CC-9CF1-AAF385CA1F6E} = {62160165-2892-31CC-9CF1-AAF385CA1F6E}
	EndProjectSection
EndProject
Project("{8BC9CEB8-8B4A-11D0-8D11-00A0C91BC942}") = "empty", "tests\empty.vcxproj", "{FE21316B-A9C4-3D15-82DD-6C363D82B3F9}"
	ProjectSection(ProjectDependencies) = postProject
		{868C8854-936C-3B7B-834E-B8A66EA7FE72} = {868C8854-936C-3B7B-834E-B8A66EA7FE72}
		{62160165-2892-31CC-9CF1-AAF385CA1F6E} = {62160165-2892-31CC-9CF1-AAF385CA1F6E}
	EndProjectSection
EndProject
Project("{8BC9CEB8-8B4A-11D0-8D11-00A0C91BC942}") = "events", "tests\events.vcxproj", "{D4133893-DB84-34AF-8D2E-3C309FFCB1AF}"
	ProjectSection(ProjectDependencies) = postProject
		{868C8854-936C-3B7B-834E-B8A66EA7FE72} = {868C8854-936C-3B7B-834E-B8A66EA7FE72}
		{62160165-2892-31CC-9CF1-AAF385CA1F6E} = {62160165-2892-31CC-9CF1-AAF385CA1F6E}
	EndProjectSection
EndProject
Project("{8BC9CEB8-8B4A-11D0-8D11-00A0C91BC942}") = "gamma", "tests\gamma.vcxproj", "{721426F9-A9B2-3C9C-BF74-A8B98EB872DB}"
	ProjectSection(ProjectDependencies) = postProject
		{868C8854-936C-3B7B-834E-B8A66EA7FE72} = {868C8854-936C-3B7B-834E-B8A66EA7FE72}
		{62160165-2892-31CC-9CF1-AAF385CA1F6E} = {62160165-2892-31CC-9CF1-AAF385CA1F6E}
	EndProjectSection
EndProject
Project("{8BC9CEB8-8B4A-11D0-8D11-00A0C91BC942}") = "gears", "examples\gears.vcxproj", "{E7228A34-991B-3967-9750-5C7C4884A841}"
	ProjectSection(ProjectDependencies) = postProject
		{868C8854-936C-3B7B-834E-B8A66EA7FE72} = {868C8854-936C-3B7B-834E-B8A66EA7FE72}
		{62160165-2892-31CC-9CF1-AAF385CA1F6E} = {62160165-2892-31CC-9CF1-AAF385CA1F6E}
	EndProjectSection
EndProject
Project("{8BC9CEB8-8B4A-11D0-8D11-00A0C91BC942}") = "glfw", "src\glfw.vcxproj", "{62160165-2892-31CC-9CF1-AAF385CA1F6E}"
	ProjectSection(ProjectDependencies) = postProject
		{868C8854-936C-3B7B-834E-B8A66EA7FE72} = {868C8854-936C-3B7B-834E-B8A66EA7FE72}
	EndProjectSection
EndProject
Project("{8BC9CEB8-8B4A-11D0-8D11-00A0C91BC942}") = "glfwinfo", "tests\glfwinfo.vcxproj", "{46F43EAA-B6D8-3021-B986-1C02E2F3B449}"
	ProjectSection(ProjectDependencies) = postProject
		{868C8854-936C-3B7B-834E-B8A66EA7FE72} = {868C8854-936C-3B7B-834E-B8A66EA7FE72}
		{62160165-2892-31CC-9CF1-AAF385CA1F6E} = {62160165-2892-31CC-9CF1-AAF385CA1F6E}
	EndProjectSection
EndProject
Project("{8BC9CEB8-8B4A-11D0-8D11-00A0C91BC942}") = "heightmap", "examples\heightmap.vcxproj", "{75B5A59B-8CE1-31F7-8412-C0455E9038F6}"
	ProjectSection(ProjectDependencies) = postProject
		{868C8854-936C-3B7B-834E-B8A66EA7FE72} = {868C8854-936C-3B7B-834E-B8A66EA7FE72}
		{62160165-2892-31CC-9CF1-AAF385CA1F6E} = {62160165-2892-31CC-9CF1-AAF385CA1F6E}
	EndProjectSection
EndProject
Project("{8BC9CEB8-8B4A-11D0-8D11-00A0C91BC942}") = "icon", "tests\icon.vcxproj", "{F7BB373E-6FDF-3A25-AE08-A0994D96FAF0}"
	ProjectSection(ProjectDependencies) = postProject
		{868C8854-936C-3B7B-834E-B8A66EA7FE72} = {868C8854-936C-3B7B-834E-B8A66EA7FE72}
		{62160165-2892-31CC-9CF1-AAF385CA1F6E} = {62160165-2892-31CC-9CF1-AAF385CA1F6E}
	EndProjectSection
EndProject
Project("{8BC9CEB8-8B4A-11D0-8D11-00A0C91BC942}") = "iconify", "tests\iconify.vcxproj", "{EE415924-DF94-3F8A-86BC-9710863D05CA}"
	ProjectSection(ProjectDependencies) = postProject
		{868C8854-936C-3B7B-834E-B8A66EA7FE72} = {868C8854-936C-3B7B-834E-B8A66EA7FE72}
		{62160165-2892-31CC-9CF1-AAF385CA1F6E} = {62160165-2892-31CC-9CF1-AAF385CA1F6E}
	EndProjectSection
EndProject
Project("{8BC9CEB8-8B4A-11D0-8D11-00A0C91BC942}") = "joysticks", "tests\joysticks.vcxproj", "{A6608986-E52F-3FB2-95F6-6E851A7C3F1F}"
	ProjectSection(ProjectDependencies) = postProject
		{868C8854-936C-3B7B-834E-B8A66EA7FE72} = {868C8854-936C-3B7B-834E-B8A66EA7FE72}
		{62160165-2892-31CC-9CF1-AAF385CA1F6E} = {62160165-2892-31CC-9CF1-AAF385CA1F6E}
	EndProjectSection
EndProject
Project("{8BC9CEB8-8B4A-11D0-8D11-00A0C91BC942}") = "monitors", "tests\monitors.vcxproj", "{EFDD00F4-756E-3BF9-9539-1B9F1DA0A451}"
	ProjectSection(ProjectDependencies) = postProject
		{868C8854-936C-3B7B-834E-B8A66EA7FE72} = {868C8854-936C-3B7B-834E-B8A66EA7FE72}
		{62160165-2892-31CC-9CF1-AAF385CA1F6E} = {62160165-2892-31CC-9CF1-AAF385CA1F6E}
	EndProjectSection
EndProject
Project("{8BC9CEB8-8B4A-11D0-8D11-00A0C91BC942}") = "msaa", "tests\msaa.vcxproj", "{EB1ECD07-B8B8-33E1-AF0D-B2B8CA73E234}"
	ProjectSection(ProjectDependencies) = postProject
		{868C8854-936C-3B7B-834E-B8A66EA7FE72} = {868C8854-936C-3B7B-834E-B8A66EA7FE72}
		{62160165-2892-31CC-9CF1-AAF385CA1F6E} = {62160165-2892-31CC-9CF1-AAF385CA1F6E}
	EndProjectSection
EndProject
Project("{8BC9CEB8-8B4A-11D0-8D11-00A0C91BC942}") = "particles", "examples\particles.vcxproj", "{67637CA4-FE3E-3D84-953B-63B8E79EE6B5}"
	ProjectSection(ProjectDependencies) = postProject
		{868C8854-936C-3B7B-834E-B8A66EA7FE72} = {868C8854-936C-3B7B-834E-B8A66EA7FE72}
		{62160165-2892-31CC-9CF1-AAF385CA1F6E} = {62160165-2892-31CC-9CF1-AAF385CA1F6E}
	EndProjectSection
EndProject
Project("{8BC9CEB8-8B4A-11D0-8D11-00A0C91BC942}") = "reopen", "tests\reopen.vcxproj", "{7A66DAE5-265D-30FB-8ECD-B3AEDBF2728F}"
	ProjectSection(ProjectDependencies) = postProject
		{868C8854-936C-3B7B-834E-B8A66EA7FE72} = {868C8854-936C-3B7B-834E-B8A66EA7FE72}
		{62160165-2892-31CC-9CF1-AAF385CA1F6E} = {62160165-2892-31CC-9CF1-AAF385CA1F6E}
	EndProjectSection
EndProject
Project("{8BC9CEB8-8B4A-11D0-8D11-00A0C91BC942}") = "sharing", "tests\sharing.vcxproj", "{5770B98F-2728-3B93-AD73-5DB8A3945A85}"
	ProjectSection(ProjectDependencies) = postProject
		{868C8854-936C-3B7B-834E-B8A66EA7FE72} = {868C8854-936C-3B7B-834E-B8A66EA7FE72}
		{62160165-2892-31CC-9CF1-AAF385CA1F6E} = {62160165-2892-31CC-9CF1-AAF385CA1F6E}
	EndProjectSection
EndProject
Project("{8BC9CEB8-8B4A-11D0-8D11-00A0C91BC942}") = "simple", "examples\simple.vcxproj", "{D8A861BE-E481-3A3C-BD52-17CFB6D418A0}"
	ProjectSection(ProjectDependencies) = postProject
		{868C8854-936C-3B7B-834E-B8A66EA7FE72} = {868C8854-936C-3B7B-834E-B8A66EA7FE72}
		{62160165-2892-31CC-9CF1-AAF385CA1F6E} = {62160165-2892-31CC-9CF1-AAF385CA1F6E}
	EndProjectSection
EndProject
Project("{8BC9CEB8-8B4A-11D0-8D11-00A0C91BC942}") = "splitview", "examples\splitview.vcxproj", "{EDAD271D-55BB-3302-8FD1-DC1032BF8736}"
	ProjectSection(ProjectDependencies) = postProject
		{868C8854-936C-3B7B-834E-B8A66EA7FE72} = {868C8854-936C-3B7B-834E-B8A66EA7FE72}
		{62160165-2892-31CC-9CF1-AAF385CA1F6E} = {62160165-2892-31CC-9CF1-AAF385CA1F6E}
	EndProjectSection
EndProject
Project("{8BC9CEB8-8B4A-11D0-8D11-00A0C91BC942}") = "tearing", "tests\tearing.vcxproj", "{E07A7282-B629-3E47-A3B6-1AD980AF0BFF}"
	ProjectSection(ProjectDependencies) = postProject
		{868C8854-936C-3B7B-834E-B8A66EA7FE72} = {868C8854-936C-3B7B-834E-B8A66EA7FE72}
		{62160165-2892-31CC-9CF1-AAF385CA1F6E} = {62160165-2892-31CC-9CF1-AAF385CA1F6E}
	EndProjectSection
EndProject
Project("{8BC9CEB8-8B4A-11D0-8D11-00A0C91BC942}") = "threads", "tests\threads.vcxproj", "{58CCD143-6A5E-3276-86E9-8C755B005249}"
	ProjectSection(ProjectDependencies) = postProject
		{868C8854-936C-3B7B-834E-B8A66EA7FE72} = {868C8854-936C-3B7B-834E-B8A66EA7FE72}
		{62160165-2892-31CC-9CF1-AAF385CA1F6E} = {62160165-2892-31CC-9CF1-AAF385CA1F6E}
	EndProjectSection
EndProject
Project("{8BC9CEB8-8B4A-11D0-8D11-00A0C91BC942}") = "timeout", "tests\timeout.vcxproj", "{5AC6F970-69C4-3C9B-8FC5-9753C7B102F9}"
	ProjectSection(ProjectDependencies) = postProject
		{868C8854-936C-3B7B-834E-B8A66EA7FE72} = {868C8854-936C-3B7B-834E-B8A66EA7FE72}
		{62160165-2892-31CC-9CF1-AAF385CA1F6E} = {62160165-2892-31CC-9CF1-AAF385CA1F6E}
	EndProjectSection
EndProject
Project("{8BC9CEB8-8B4A-11D0-8D11-00A0C91BC942}") = "title", "tests\title.vcxproj", "{10AF3FCB-BEA3-3C6A-8239-26F211929390}"
	ProjectSection(ProjectDependencies) = postProject
		{868C8854-936C-3B7B-834E-B8A66EA7FE72} = {868C8854-936C-3B7B-834E-B8A66EA7FE72}
		{62160165-2892-31CC-9CF1-AAF385CA1F6E} = {62160165-2892-31CC-9CF1-AAF385CA1F6E}
	EndProjectSection
EndProject
Project("{8BC9CEB8-8B4A-11D0-8D11-00A0C91BC942}") = "uninstall", "uninstall.vcxproj", "{DD9E2FC7-BCFF-32EC-958A-4653D2C16730}"
	ProjectSection(ProjectDependencies) = postProject
		{868C8854-936C-3B7B-834E-B8A66EA7FE72} = {868C8854-936C-3B7B-834E-B8A66EA7FE72}
	EndProjectSection
EndProject
Project("{8BC9CEB8-8B4A-11D0-8D11-00A0C91BC942}") = "wave", "examples\wave.vcxproj", "{3D18E74A-B794-36D9-8E26-C4D476EA33C1}"
	ProjectSection(ProjectDependencies) = postProject
		{868C8854-936C-3B7B-834E-B8A66EA7FE72} = {868C8854-936C-3B7B-834E-B8A66EA7FE72}
		{62160165-2892-31CC-9CF1-AAF385CA1F6E} = {62160165-2892-31CC-9CF1-AAF385CA1F6E}
	EndProjectSection
EndProject
Project("{8BC9CEB8-8B4A-11D0-8D11-00A0C91BC942}") = "windows", "tests\windows.vcxproj", "{59FBA465-C99B-3E29-8FF7-A431A172F776}"
	ProjectSection(ProjectDependencies) = postProject
		{868C8854-936C-3B7B-834E-B8A66EA7FE72} = {868C8854-936C-3B7B-834E-B8A66EA7FE72}
		{62160165-2892-31CC-9CF1-AAF385CA1F6E} = {62160165-2892-31CC-9CF1-AAF385CA1F6E}
	EndProjectSection
EndProject
Global
	GlobalSection(SolutionConfigurationPlatforms) = preSolution
		Debug|Win32 = Debug|Win32
		Debug|x64 = Debug|x64
		MinSizeRel|Win32 = MinSizeRel|Win32
		MinSizeRel|x64 = MinSizeRel|x64
		Release|Win32 = Release|Win32
		Release|x64 = Release|x64
		RelWithDebInfo|Win32 = RelWithDebInfo|Win32
		RelWithDebInfo|x64 = RelWithDebInfo|x64
	EndGlobalSection
	GlobalSection(ProjectConfigurationPlatforms) = postSolution
		{4241DA71-4E34-3CA6-8AF3-28F98EE12BDF}.Debug|Win32.ActiveCfg = Debug|Win32
		{4241DA71-4E34-3CA6-8AF3-28F98EE12BDF}.Debug|Win32.Build.0 = Debug|Win32
		{4241DA71-4E34-3CA6-8AF3-28F98EE12BDF}.Debug|x64.ActiveCfg = Debug|x64
		{4241DA71-4E34-3CA6-8AF3-28F98EE12BDF}.Debug|x64.Build.0 = Debug|x64
		{4241DA71-4E34-3CA6-8AF3-28F98EE12BDF}.MinSizeRel|Win32.ActiveCfg = MinSizeRel|Win32
		{4241DA71-4E34-3CA6-8AF3-28F98EE12BDF}.MinSizeRel|Win32.Build.0 = MinSizeRel|Win32
		{4241DA71-4E34-3CA6-8AF3-28F98EE12BDF}.MinSizeRel|x64.ActiveCfg = MinSizeRel|x64
		{4241DA71-4E34-3CA6-8AF3-28F98EE12BDF}.MinSizeRel|x64.Build.0 = MinSizeRel|x64
		{4241DA71-4E34-3CA6-8AF3-28F98EE12BDF}.Release|Win32.ActiveCfg = Release|Win32
		{4241DA71-4E34-3CA6-8AF3-28F98EE12BDF}.Release|Win32.Build.0 = Release|Win32
		{4241DA71-4E34-3CA6-8AF3-28F98EE12BDF}.Release|x64.ActiveCfg = Release|x64
		{4241DA71-4E34-3CA6-8AF3-28F98EE12BDF}.Release|x64.Build.0 = Release|x64
		{4241DA71-4E34-3CA6-8AF3-28F98EE12BDF}.RelWithDebInfo|Win32.ActiveCfg = RelWithDebInfo|Win32
		{4241DA71-4E34-3CA6-8AF3-28F98EE12BDF}.RelWithDebInfo|Win32.Build.0 = RelWithDebInfo|Win32
		{4241DA71-4E34-3CA6-8AF3-28F98EE12BDF}.RelWithDebInfo|x64.ActiveCfg = RelWithDebInfo|x64
		{4241DA71-4E34-3CA6-8AF3-28F98EE12BDF}.RelWithDebInfo|x64.Build.0 = RelWithDebInfo|x64
		{3AD2F912-2C6A-3E18-9563-865A5765C8A9}.Debug|Win32.ActiveCfg = Debug|Win32
		{3AD2F912-2C6A-3E18-9563-865A5765C8A9}.Debug|x64.ActiveCfg = Debug|x64
		{3AD2F912-2C6A-3E18-9563-865A5765C8A9}.MinSizeRel|Win32.ActiveCfg = MinSizeRel|Win32
		{3AD2F912-2C6A-3E18-9563-865A5765C8A9}.MinSizeRel|x64.ActiveCfg = MinSizeRel|x64
		{3AD2F912-2C6A-3E18-9563-865A5765C8A9}.Release|Win32.ActiveCfg = Release|Win32
		{3AD2F912-2C6A-3E18-9563-865A5765C8A9}.Release|x64.ActiveCfg = Release|x64
		{3AD2F912-2C6A-3E18-9563-865A5765C8A9}.RelWithDebInfo|Win32.ActiveCfg = RelWithDebInfo|Win32
		{3AD2F912-2C6A-3E18-9563-865A5765C8A9}.RelWithDebInfo|x64.ActiveCfg = RelWithDebInfo|x64
		{868C8854-936C-3B7B-834E-B8A66EA7FE72}.Debug|Win32.ActiveCfg = Debug|Win32
		{868C8854-936C-3B7B-834E-B8A66EA7FE72}.Debug|Win32.Build.0 = Debug|Win32
		{868C8854-936C-3B7B-834E-B8A66EA7FE72}.Debug|x64.ActiveCfg = Debug|x64
		{868C8854-936C-3B7B-834E-B8A66EA7FE72}.Debug|x64.Build.0 = Debug|x64
		{868C8854-936C-3B7B-834E-B8A66EA7FE72}.MinSizeRel|Win32.ActiveCfg = MinSizeRel|Win32
		{868C8854-936C-3B7B-834E-B8A66EA7FE72}.MinSizeRel|Win32.Build.0 = MinSizeRel|Win32
		{868C8854-936C-3B7B-834E-B8A66EA7FE72}.MinSizeRel|x64.ActiveCfg = MinSizeRel|x64
		{868C8854-936C-3B7B-834E-B8A66EA7FE72}.MinSizeRel|x64.Build.0 = MinSizeRel|x64
		{868C8854-936C-3B7B-834E-B8A66EA7FE72}.Release|Win32.ActiveCfg = Release|Win32
		{868C8854-936C-3B7B-834E-B8A66EA7FE72}.Release|Win32.Build.0 = Release|Win32
		{868C8854-936C-3B7B-834E-B8A66EA7FE72}.Release|x64.ActiveCfg = Release|x64
		{868C8854-936C-3B7B-834E-B8A66EA7FE72}.Release|x64.Build.0 = Release|x64
		{868C8854-936C-3B7B-834E-B8A66EA7FE72}.RelWithDebInfo|Win32.ActiveCfg = RelWithDebInfo|Win32
		{868C8854-936C-3B7B-834E-B8A66EA7FE72}.RelWithDebInfo|Win32.Build.0 = RelWithDebInfo|Win32
		{868C8854-936C-3B7B-834E-B8A66EA7FE72}.RelWithDebInfo|x64.ActiveCfg = RelWithDebInfo|x64
		{868C8854-936C-3B7B-834E-B8A66EA7FE72}.RelWithDebInfo|x64.Build.0 = RelWithDebInfo|x64
		{3D638C04-E8AE-37ED-99E1-2C0D3072DD3E}.Debug|Win32.ActiveCfg = Debug|Win32
		{3D638C04-E8AE-37ED-99E1-2C0D3072DD3E}.Debug|Win32.Build.0 = Debug|Win32
		{3D638C04-E8AE-37ED-99E1-2C0D3072DD3E}.Debug|x64.ActiveCfg = Debug|x64
		{3D638C04-E8AE-37ED-99E1-2C0D3072DD3E}.Debug|x64.Build.0 = Debug|x64
		{3D638C04-E8AE-37ED-99E1-2C0D3072DD3E}.MinSizeRel|Win32.ActiveCfg = MinSizeRel|Win32
		{3D638C04-E8AE-37ED-99E1-2C0D3072DD3E}.MinSizeRel|Win32.Build.0 = MinSizeRel|Win32
		{3D638C04-E8AE-37ED-99E1-2C0D3072DD3E}.MinSizeRel|x64.ActiveCfg = MinSizeRel|x64
		{3D638C04-E8AE-37ED-99E1-2C0D3072DD3E}.MinSizeRel|x64.Build.0 = MinSizeRel|x64
		{3D638C04-E8AE-37ED-99E1-2C0D3072DD3E}.Release|Win32.ActiveCfg = Release|Win32
		{3D638C04-E8AE-37ED-99E1-2C0D3072DD3E}.Release|Win32.Build.0 = Release|Win32
		{3D638C04-E8AE-37ED-99E1-2C0D3072DD3E}.Release|x64.ActiveCfg = Release|x64
		{3D638C04-E8AE-37ED-99E1-2C0D3072DD3E}.Release|x64.Build.0 = Release|x64
		{3D638C04-E8AE-37ED-99E1-2C0D3072DD3E}.RelWithDebInfo|Win32.ActiveCfg = RelWithDebInfo|Win32
		{3D638C04-E8AE-37ED-99E1-2C0D3072DD3E}.RelWithDebInfo|Win32.Build.0 = RelWithDebInfo|Win32
		{3D638C04-E8AE-37ED-99E1-2C0D3072DD3E}.RelWithDebInfo|x64.ActiveCfg = RelWithDebInfo|x64
		{3D638C04-E8AE-37ED-99E1-2C0D3072DD3E}.RelWithDebInfo|x64.Build.0 = RelWithDebInfo|x64
		{DFF536D0-DB31-3C72-A3B3-9EDDCC32C7ED}.Debug|Win32.ActiveCfg = Debug|Win32
		{DFF536D0-DB31-3C72-A3B3-9EDDCC32C7ED}.Debug|Win32.Build.0 = Debug|Win32
		{DFF536D0-DB31-3C72-A3B3-9EDDCC32C7ED}.Debug|x64.ActiveCfg = Debug|x64
		{DFF536D0-DB31-3C72-A3B3-9EDDCC32C7ED}.Debug|x64.Build.0 = Debug|x64
		{DFF536D0-DB31-3C72-A3B3-9EDDCC32C7ED}.MinSizeRel|Win32.ActiveCfg = MinSizeRel|Win32
		{DFF536D0-DB31-3C72-A3B3-9EDDCC32C7ED}.MinSizeRel|Win32.Build.0 = MinSizeRel|Win32
		{DFF536D0-DB31-3C72-A3B3-9EDDCC32C7ED}.MinSizeRel|x64.ActiveCfg = MinSizeRel|x64
		{DFF536D0-DB31-3C72-A3B3-9EDDCC32C7ED}.MinSizeRel|x64.Build.0 = MinSizeRel|x64
		{DFF536D0-DB31-3C72-A3B3-9EDDCC32C7ED}.Release|Win32.ActiveCfg = Release|Win32
		{DFF536D0-DB31-3C72-A3B3-9EDDCC32C7ED}.Release|Win32.Build.0 = Release|Win32
		{DFF536D0-DB31-3C72-A3B3-9EDDCC32C7ED}.Release|x64.ActiveCfg = Release|x64
		{DFF536D0-DB31-3C72-A3B3-9EDDCC32C7ED}.Release|x64.Build.0 = Release|x64
		{DFF536D0-DB31-3C72-A3B3-9EDDCC32C7ED}.RelWithDebInfo|Win32.ActiveCfg = RelWithDebInfo|Win32
		{DFF536D0-DB31-3C72-A3B3-9EDDCC32C7ED}.RelWithDebInfo|Win32.Build.0 = RelWithDebInfo|Win32
		{DFF536D0-DB31-3C72-A3B3-9EDDCC32C7ED}.RelWithDebInfo|x64.ActiveCfg = RelWithDebInfo|x64
		{DFF536D0-DB31-3C72-A3B3-9EDDCC32C7ED}.RelWithDebInfo|x64.Build.0 = RelWithDebInfo|x64
		{2E30460D-B495-345F-B404-239EF076295A}.Debug|Win32.ActiveCfg = Debug|Win32
		{2E30460D-B495-345F-B404-239EF076295A}.Debug|Win32.Build.0 = Debug|Win32
		{2E30460D-B495-345F-B404-239EF076295A}.Debug|x64.ActiveCfg = Debug|x64
		{2E30460D-B495-345F-B404-239EF076295A}.Debug|x64.Build.0 = Debug|x64
		{2E30460D-B495-345F-B404-239EF076295A}.MinSizeRel|Win32.ActiveCfg = MinSizeRel|Win32
		{2E30460D-B495-345F-B404-239EF076295A}.MinSizeRel|Win32.Build.0 = MinSizeRel|Win32
		{2E30460D-B495-345F-B404-239EF076295A}.MinSizeRel|x64.ActiveCfg = MinSizeRel|x64
		{2E30460D-B495-345F-B404-239EF076295A}.MinSizeRel|x64.Build.0 = MinSizeRel|x64
		{2E30460D-B495-345F-B404-239EF076295A}.Release|Win32.ActiveCfg = Release|Win32
		{2E30460D-B495-345F-B404-239EF076295A}.Release|Win32.Build.0 = Release|Win32
		{2E30460D-B495-345F-B404-239EF076295A}.Release|x64.ActiveCfg = Release|x64
		{2E30460D-B495-345F-B404-239EF076295A}.Release|x64.Build.0 = Release|x64
		{2E30460D-B495-345F-B404-239EF076295A}.RelWithDebInfo|Win32.ActiveCfg = RelWithDebInfo|Win32
		{2E30460D-B495-345F-B404-239EF076295A}.RelWithDebInfo|Win32.Build.0 = RelWithDebInfo|Win32
		{2E30460D-B495-345F-B404-239EF076295A}.RelWithDebInfo|x64.ActiveCfg = RelWithDebInfo|x64
		{2E30460D-B495-345F-B404-239EF076295A}.RelWithDebInfo|x64.Build.0 = RelWithDebInfo|x64
		{FE21316B-A9C4-3D15-82DD-6C363D82B3F9}.Debug|Win32.ActiveCfg = Debug|Win32
		{FE21316B-A9C4-3D15-82DD-6C363D82B3F9}.Debug|Win32.Build.0 = Debug|Win32
		{FE21316B-A9C4-3D15-82DD-6C363D82B3F9}.Debug|x64.ActiveCfg = Debug|x64
		{FE21316B-A9C4-3D15-82DD-6C363D82B3F9}.Debug|x64.Build.0 = Debug|x64
		{FE21316B-A9C4-3D15-82DD-6C363D82B3F9}.MinSizeRel|Win32.ActiveCfg = MinSizeRel|Win32
		{FE21316B-A9C4-3D15-82DD-6C363D82B3F9}.MinSizeRel|Win32.Build.0 = MinSizeRel|Win32
		{FE21316B-A9C4-3D15-82DD-6C363D82B3F9}.MinSizeRel|x64.ActiveCfg = MinSizeRel|x64
		{FE21316B-A9C4-3D15-82DD-6C363D82B3F9}.MinSizeRel|x64.Build.0 = MinSizeRel|x64
		{FE21316B-A9C4-3D15-82DD-6C363D82B3F9}.Release|Win32.ActiveCfg = Release|Win32
		{FE21316B-A9C4-3D15-82DD-6C363D82B3F9}.Release|Win32.Build.0 = Release|Win32
		{FE21316B-A9C4-3D15-82DD-6C363D82B3F9}.Release|x64.ActiveCfg = Release|x64
		{FE21316B-A9C4-3D15-82DD-6C363D82B3F9}.Release|x64.Build.0 = Release|x64
		{FE21316B-A9C4-3D15-82DD-6C363D82B3F9}.RelWithDebInfo|Win32.ActiveCfg = RelWithDebInfo|Win32
		{FE21316B-A9C4-3D15-82DD-6C363D82B3F9}.RelWithDebInfo|Win32.Build.0 = RelWithDebInfo|Win32
		{FE21316B-A9C4-3D15-82DD-6C363D82B3F9}.RelWithDebInfo|x64.ActiveCfg = RelWithDebInfo|x64
		{FE21316B-A9C4-3D15-82DD-6C363D82B3F9}.RelWithDebInfo|x64.Build.0 = RelWithDebInfo|x64
		{D4133893-DB84-34AF-8D2E-3C309FFCB1AF}.Debug|Win32.ActiveCfg = Debug|Win32
		{D4133893-DB84-34AF-8D2E-3C309FFCB1AF}.Debug|Win32.Build.0 = Debug|Win32
		{D4133893-DB84-34AF-8D2E-3C309FFCB1AF}.Debug|x64.ActiveCfg = Debug|x64
		{D4133893-DB84-34AF-8D2E-3C309FFCB1AF}.Debug|x64.Build.0 = Debug|x64
		{D4133893-DB84-34AF-8D2E-3C309FFCB1AF}.MinSizeRel|Win32.ActiveCfg = MinSizeRel|Win32
		{D4133893-DB84-34AF-8D2E-3C309FFCB1AF}.MinSizeRel|Win32.Build.0 = MinSizeRel|Win32
		{D4133893-DB84-34AF-8D2E-3C309FFCB1AF}.MinSizeRel|x64.ActiveCfg = MinSizeRel|x64
		{D4133893-DB84-34AF-8D2E-3C309FFCB1AF}.MinSizeRel|x64.Build.0 = MinSizeRel|x64
		{D4133893-DB84-34AF-8D2E-3C309FFCB1AF}.Release|Win32.ActiveCfg = Release|Win32
		{D4133893-DB84-34AF-8D2E-3C309FFCB1AF}.Release|Win32.Build.0 = Release|Win32
		{D4133893-DB84-34AF-8D2E-3C309FFCB1AF}.Release|x64.ActiveCfg = Release|x64
		{D4133893-DB84-34AF-8D2E-3C309FFCB1AF}.Release|x64.Build.0 = Release|x64
		{D4133893-DB84-34AF-8D2E-3C309FFCB1AF}.RelWithDebInfo|Win32.ActiveCfg = RelWithDebInfo|Win32
		{D4133893-DB84-34AF-8D2E-3C309FFCB1AF}.RelWithDebInfo|Win32.Build.0 = RelWithDebInfo|Win32
		{D4133893-DB84-34AF-8D2E-3C309FFCB1AF}.RelWithDebInfo|x64.ActiveCfg = RelWithDebInfo|x64
		{D4133893-DB84-34AF-8D2E-3C309FFCB1AF}.RelWithDebInfo|x64.Build.0 = RelWithDebInfo|x64
		{721426F9-A9B2-3C9C-BF74-A8B98EB872DB}.Debug|Win32.ActiveCfg = Debug|Win32
		{721426F9-A9B2-3C9C-BF74-A8B98EB872DB}.Debug|Win32.Build.0 = Debug|Win32
		{721426F9-A9B2-3C9C-BF74-A8B98EB872DB}.Debug|x64.ActiveCfg = Debug|x64
		{721426F9-A9B2-3C9C-BF74-A8B98EB872DB}.Debug|x64.Build.0 = Debug|x64
		{721426F9-A9B2-3C9C-BF74-A8B98EB872DB}.MinSizeRel|Win32.ActiveCfg = MinSizeRel|Win32
		{721426F9-A9B2-3C9C-BF74-A8B98EB872DB}.MinSizeRel|Win32.Build.0 = MinSizeRel|Win32
		{721426F9-A9B2-3C9C-BF74-A8B98EB872DB}.MinSizeRel|x64.ActiveCfg = MinSizeRel|x64
		{721426F9-A9B2-3C9C-BF74-A8B98EB872DB}.MinSizeRel|x64.Build.0 = MinSizeRel|x64
		{721426F9-A9B2-3C9C-BF74-A8B98EB872DB}.Release|Win32.ActiveCfg = Release|Win32
		{721426F9-A9B2-3C9C-BF74-A8B98EB872DB}.Release|Win32.Build.0 = Release|Win32
		{721426F9-A9B2-3C9C-BF74-A8B98EB872DB}.Release|x64.ActiveCfg = Release|x64
		{721426F9-A9B2-3C9C-BF74-A8B98EB872DB}.Release|x64.Build.0 = Release|x64
		{721426F9-A9B2-3C9C-BF74-A8B98EB872DB}.RelWithDebInfo|Win32.ActiveCfg = RelWithDebInfo|Win32
		{721426F9-A9B2-3C9C-BF74-A8B98EB872DB}.RelWithDebInfo|Win32.Build.0 = RelWithDebInfo|Win32
		{721426F9-A9B2-3C9C-BF74-A8B98EB872DB}.RelWithDebInfo|x64.ActiveCfg = RelWithDebInfo|x64
		{721426F9-A9B2-3C9C-BF74-A8B98EB872DB}.RelWithDebInfo|x64.Build.0 = RelWithDebInfo|x64
		{E7228A34-991B-3967-9750-5C7C4884A841}.Debug|Win32.ActiveCfg = Debug|Win32
		{E7228A34-991B-3967-9750-5C7C4884A841}.Debug|Win32.Build.0 = Debug|Win32
		{E7228A34-991B-3967-9750-5C7C4884A841}.Debug|x64.ActiveCfg = Debug|x64
		{E7228A34-991B-3967-9750-5C7C4884A841}.Debug|x64.Build.0 = Debug|x64
		{E7228A34-991B-3967-9750-5C7C4884A841}.MinSizeRel|Win32.ActiveCfg = MinSizeRel|Win32
		{E7228A34-991B-3967-9750-5C7C4884A841}.MinSizeRel|Win32.Build.0 = MinSizeRel|Win32
		{E7228A34-991B-3967-9750-5C7C4884A841}.MinSizeRel|x64.ActiveCfg = MinSizeRel|x64
		{E7228A34-991B-3967-9750-5C7C4884A841}.MinSizeRel|x64.Build.0 = MinSizeRel|x64
		{E7228A34-991B-3967-9750-5C7C4884A841}.Release|Win32.ActiveCfg = Release|Win32
		{E7228A34-991B-3967-9750-5C7C4884A841}.Release|Win32.Build.0 = Release|Win32
		{E7228A34-991B-3967-9750-5C7C4884A841}.Release|x64.ActiveCfg = Release|x64
		{E7228A34-991B-3967-9750-5C7C4884A841}.Release|x64.Build.0 = Release|x64
		{E7228A34-991B-3967-9750-5C7C4884A841}.RelWithDebInfo|Win32.ActiveCfg = RelWithDebInfo|Win32
		{E7228A34-991B-3967-9750-5C7C4884A841}.RelWithDebInfo|Win32.Build.0 = RelWithDebInfo|Win32
		{E7228A34-991B-3967-9750-5C7C4884A841}.RelWithDebInfo|x64.ActiveCfg = RelWithDebInfo|x64
		{E7228A34-991B-3967-9750-5C7C4884A841}.RelWithDebInfo|x64.Build.0 = RelWithDebInfo|x64
		{62160165-2892-31CC-9CF1-AAF385CA1F6E}.Debug|Win32.ActiveCfg = Debug|Win32
		{62160165-2892-31CC-9CF1-AAF385CA1F6E}.Debug|Win32.Build.0 = Debug|Win32
		{62160165-2892-31CC-9CF1-AAF385CA1F6E}.Debug|x64.ActiveCfg = Debug|x64
		{62160165-2892-31CC-9CF1-AAF385CA1F6E}.Debug|x64.Build.0 = Debug|x64
		{62160165-2892-31CC-9CF1-AAF385CA1F6E}.MinSizeRel|Win32.ActiveCfg = MinSizeRel|Win32
		{62160165-2892-31CC-9CF1-AAF385CA1F6E}.MinSizeRel|Win32.Build.0 = MinSizeRel|Win32
		{62160165-2892-31CC-9CF1-AAF385CA1F6E}.MinSizeRel|x64.ActiveCfg = MinSizeRel|x64
		{62160165-2892-31CC-9CF1-AAF385CA1F6E}.MinSizeRel|x64.Build.0 = MinSizeRel|x64
		{62160165-2892-31CC-9CF1-AAF385CA1F6E}.Release|Win32.ActiveCfg = Release|Win32
		{62160165-2892-31CC-9CF1-AAF385CA1F6E}.Release|Win32.Build.0 = Release|Win32
		{62160165-2892-31CC-9CF1-AAF385CA1F6E}.Release|x64.ActiveCfg = Release|x64
		{62160165-2892-31CC-9CF1-AAF385CA1F6E}.Release|x64.Build.0 = Release|x64
		{62160165-2892-31CC-9CF1-AAF385CA1F6E}.RelWithDebInfo|Win32.ActiveCfg = RelWithDebInfo|Win32
		{62160165-2892-31CC-9CF1-AAF385CA1F6E}.RelWithDebInfo|Win32.Build.0 = RelWithDebInfo|Win32
		{62160165-2892-31CC-9CF1-AAF385CA1F6E}.RelWithDebInfo|x64.ActiveCfg = RelWithDebInfo|x64
		{62160165-2892-31CC-9CF1-AAF385CA1F6E}.RelWithDebInfo|x64.Build.0 = RelWithDebInfo|x64
		{46F43EAA-B6D8-3021-B986-1C02E2F3B449}.Debug|Win32.ActiveCfg = Debug|Win32
		{46F43EAA-B6D8-3021-B986-1C02E2F3B449}.Debug|Win32.Build.0 = Debug|Win32
		{46F43EAA-B6D8-3021-B986-1C02E2F3B449}.Debug|x64.ActiveCfg = Debug|x64
		{46F43EAA-B6D8-3021-B986-1C02E2F3B449}.Debug|x64.Build.0 = Debug|x64
		{46F43EAA-B6D8-3021-B986-1C02E2F3B449}.MinSizeRel|Win32.ActiveCfg = MinSizeRel|Win32
		{46F43EAA-B6D8-3021-B986-1C02E2F3B449}.MinSizeRel|Win32.Build.0 = MinSizeRel|Win32
		{46F43EAA-B6D8-3021-B986-1C02E2F3B449}.MinSizeRel|x64.ActiveCfg = MinSizeRel|x64
		{46F43EAA-B6D8-3021-B986-1C02E2F3B449}.MinSizeRel|x64.Build.0 = MinSizeRel|x64
		{46F43EAA-B6D8-3021-B986-1C02E2F3B449}.Release|Win32.ActiveCfg = Release|Win32
		{46F43EAA-B6D8-3021-B986-1C02E2F3B449}.Release|Win32.Build.0 = Release|Win32
		{46F43EAA-B6D8-3021-B986-1C02E2F3B449}.Release|x64.ActiveCfg = Release|x64
		{46F43EAA-B6D8-3021-B986-1C02E2F3B449}.Release|x64.Build.0 = Release|x64
		{46F43EAA-B6D8-3021-B986-1C02E2F3B449}.RelWithDebInfo|Win32.ActiveCfg = RelWithDebInfo|Win32
		{46F43EAA-B6D8-3021-B986-1C02E2F3B449}.RelWithDebInfo|Win32.Build.0 = RelWithDebInfo|Win32
		{46F43EAA-B6D8-3021-B986-1C02E2F3B449}.RelWithDebInfo|x64.ActiveCfg = RelWithDebInfo|x64
		{46F43EAA-B6D8-3021-B986-1C02E2F3B449}.RelWithDebInfo|x64.Build.0 = RelWithDebInfo|x64
		{75B5A59B-8CE1-31F7-8412-C0455E9038F6}.Debug|Win32.ActiveCfg = Debug|Win32
		{75B5A59B-8CE1-31F7-8412-C0455E9038F6}.Debug|Win32.Build.0 = Debug|Win32
		{75B5A59B-8CE1-31F7-8412-C0455E9038F6}.Debug|x64.ActiveCfg = Debug|x64
		{75B5A59B-8CE1-31F7-8412-C0455E9038F6}.Debug|x64.Build.0 = Debug|x64
		{75B5A59B-8CE1-31F7-8412-C0455E9038F6}.MinSizeRel|Win32.ActiveCfg = MinSizeRel|Win32
		{75B5A59B-8CE1-31F7-8412-C0455E9038F6}.MinSizeRel|Win32.Build.0 = MinSizeRel|Win32
		{75B5A59B-8CE1-31F7-8412-C0455E9038F6}.MinSizeRel|x64.ActiveCfg = MinSizeRel|x64
		{75B5A59B-8CE1-31F7-8412-C0455E9038F6}.MinSizeRel|x64.Build.0 = MinSizeRel|x64
		{75B5A59B-8CE1-31F7-8412-C0455E9038F6}.Release|Win32.ActiveCfg = Release|Win32
		{75B5A59B-8CE1-31F7-8412-C0455E9038F6}.Release|Win32.Build.0 = Release|Win32
		{75B5A59B-8CE1-31F7-8412-C0455E9038F6}.Release|x64.ActiveCfg = Release|x64
		{75B5A59B-8CE1-31F7-8412-C0455E9038F6}.Release|x64.Build.0 = Release|x64
		{75B5A59B-8CE1-31F7-8412-C0455E9038F6}.RelWithDebInfo|Win32.ActiveCfg = RelWithDebInfo|Win32
		{75B5A59B-8CE1-31F7-8412-C0455E9038F6}.RelWithDebInfo|Win32.Build.0 = RelWithDebInfo|Win32
		{75B5A59B-8CE1-31F7-8412-C0455E9038F6}.RelWithDebInfo|x64.ActiveCfg = RelWithDebInfo|x64
		{75B5A59B-8CE1-31F7-8412-C0455E9038F6}.RelWithDebInfo|x64.Build.0 = RelWithDebInfo|x64
		{F7BB373E-6FDF-3A25-AE08-A0994D96FAF0}.Debug|Win32.ActiveCfg = Debug|Win32
		{F7BB373E-6FDF-3A25-AE08-A0994D96FAF0}.Debug|Win32.Build.0 = Debug|Win32
		{F7BB373E-6FDF-3A25-AE08-A0994D96FAF0}.Debug|x64.ActiveCfg = Debug|x64
		{F7BB373E-6FDF-3A25-AE08-A0994D96FAF0}.Debug|x64.Build.0 = Debug|x64
		{F7BB373E-6FDF-3A25-AE08-A0994D96FAF0}.MinSizeRel|Win32.ActiveCfg = MinSizeRel|Win32
		{F7BB373E-6FDF-3A25-AE08-A0994D96FAF0}.MinSizeRel|Win32.Build.0 = MinSizeRel|Win32
		{F7BB373E-6FDF-3A25-AE08-A0994D96FAF0}.MinSizeRel|x64.ActiveCfg = MinSizeRel|x64
		{F7BB373E-6FDF-3A25-AE08-A0994D96FAF0}.MinSizeRel|x64.Build.0 = MinSizeRel|x64
		{F7BB373E-6FDF-3A25-AE08-A0994D96FAF0}.Release|Win32.ActiveCfg = Release|Win32
		{F7BB373E-6FDF-3A25-AE08-A0994D96FAF0}.Release|Win32.Build.0 = Release|Win32
		{F7BB373E-6FDF-3A25-AE08-A0994D96FAF0}.Release|x64.ActiveCfg = Release|x64
		{F7BB373E-6FDF-3A25-AE08-A0994D96FAF0}.Release|x64.Build.0 = Release|x64
		{F7BB373E-6FDF-3A25-AE08-A0994D96FAF0}.RelWithDebInfo|Win32.ActiveCfg = RelWithDebInfo|Win32
		{F7BB373E-6FDF-3A25-AE08-A0994D96FAF0}.RelWithDebInfo|Win32.Build.0 = RelWithDebInfo|Win32
		{F7BB373E-6FDF-3A25-AE08-A0994D96FAF0}.RelWithDebInfo|x64.ActiveCfg = RelWithDebInfo|x64
		{F7BB373E-6FDF-3A25-AE08-A0994D96FAF0}.RelWithDebInfo|x64.Build.0 = RelWithDebInfo|x64
		{EE415924-DF94-3F8A-86BC-9710863D05CA}.Debug|Win32.ActiveCfg = Debug|Win32
		{EE415924-DF94-3F8A-86BC-9710863D05CA}.Debug|Win32.Build.0 = Debug|Win32
		{EE415924-DF94-3F8A-86BC-9710863D05CA}.Debug|x64.ActiveCfg = Debug|x64
		{EE415924-DF94-3F8A-86BC-9710863D05CA}.Debug|x64.Build.0 = Debug|x64
		{EE415924-DF94-3F8A-86BC-9710863D05CA}.MinSizeRel|Win32.ActiveCfg = MinSizeRel|Win32
		{EE415924-DF94-3F8A-86BC-9710863D05CA}.MinSizeRel|Win32.Build.0 = MinSizeRel|Win32
		{EE415924-DF94-3F8A-86BC-9710863D05CA}.MinSizeRel|x64.ActiveCfg = MinSizeRel|x64
		{EE415924-DF94-3F8A-86BC-9710863D05CA}.MinSizeRel|x64.Build.0 = MinSizeRel|x64
		{EE415924-DF94-3F8A-86BC-9710863D05CA}.Release|Win32.ActiveCfg = Release|Win32
		{EE415924-DF94-3F8A-86BC-9710863D05CA}.Release|Win32.Build.0 = Release|Win32
		{EE415924-DF94-3F8A-86BC-9710863D05CA}.Release|x64.ActiveCfg = Release|x64
		{EE415924-DF94-3F8A-86BC-9710863D05CA}.Release|x64.Build.0 = Release|x64
		{EE415924-DF94-3F8A-86BC-9710863D05CA}.RelWithDebInfo|Win32.ActiveCfg = RelWithDebInfo|Win32
		{EE415924-DF94-3F8A-86BC-9710863D05CA}.RelWithDebInfo|Win32.Build.0 = RelWithDebInfo|Win32
		{EE415924-DF94-3F8A-86BC-9710863D05CA}.RelWithDebInfo|x64.ActiveCfg = RelWithDebInfo|x64
		{EE415924-DF94-3F8A-86BC-9710863D05CA}.RelWithDebInfo|x64.Build.0 = RelWithDebInfo|x64
		{A6608986-E52F-3FB2-95F6-6E851A7C3F1F}.Debug|Win32.ActiveCfg = Debug|Win32
		{A6608986-E52F-3FB2-95F6-6E851A7C3F1F}.Debug|Win32.Build.0 = Debug|Win32
		{A6608986-E52F-3FB2-95F6-6E851A7C3F1F}.Debug|x64.ActiveCfg = Debug|x64
		{A6608986-E52F-3FB2-95F6-6E851A7C3F1F}.Debug|x64.Build.0 = Debug|x64
		{A6608986-E52F-3FB2-95F6-6E851A7C3F1F}.MinSizeRel|Win32.ActiveCfg = MinSizeRel|Win32
		{A6608986-E52F-3FB2-95F6-6E851A7C3F1F}.MinSizeRel|Win32.Build.0 = MinSizeRel|Win32
		{A6608986-E52F-3FB2-95F6-6E851A7C3F1F}.MinSizeRel|x64.ActiveCfg = MinSizeRel|x64
		{A6608986-E52F-3FB2-95F6-6E851A7C3F1F}.MinSizeRel|x64.Build.0 = MinSizeRel|x64
		{A6608986-E52F-3FB2-95F6-6E851A7C3F1F}.Release|Win32.ActiveCfg = Release|Win32
		{A6608986-E52F-3FB2-95F6-6E851A7C3F1F}.Release|Win32.Build.0 = Release|Win32
		{A6608986-E52F-3FB2-95F6-6E851A7C3F1F}.Release|x64.ActiveCfg = Release|x64
		{A6608986-E52F-3FB2-95F6-6E851A7C3F1F}.Release|x64.Build.0 = Release|x64
		{A6608986-E52F-3FB2-95F6-6E851A7C3F1F}.RelWithDebInfo|Win32.ActiveCfg = RelWithDebInfo|Win32
		{A6608986-E52F-3FB2-95F6-6E851A7C3F1F}.RelWithDebInfo|Win32.Build.0 = RelWithDebInfo|Win32
		{A6608986-E52F-3FB2-95F6-6E851A7C3F1F}.RelWithDebInfo|x64.ActiveCfg = RelWithDebInfo|x64
		{A6608986-E52F-3FB2-95F6-6E851A7C3F1F}.RelWithDebInfo|x64.Build.0 = RelWithDebInfo|x64
		{EFDD00F4-756E-3BF9-9539-1B9F1DA0A451}.Debug|Win32.ActiveCfg = Debug|Win32
		{EFDD00F4-756E-3BF9-9539-1B9F1DA0A451}.Debug|Win32.Build.0 = Debug|Win32
		{EFDD00F4-756E-3BF9-9539-1B9F1DA0A451}.Debug|x64.ActiveCfg = Debug|x64
		{EFDD00F4-756E-3BF9-9539-1B9F1DA0A451}.Debug|x64.Build.0 = Debug|x64
		{EFDD00F4-756E-3BF9-9539-1B9F1DA0A451}.MinSizeRel|Win32.ActiveCfg = MinSizeRel|Win32
		{EFDD00F4-756E-3BF9-9539-1B9F1DA0A451}.MinSizeRel|Win32.Build.0 = MinSizeRel|Win32
		{EFDD00F4-756E-3BF9-9539-1B9F1DA0A451}.MinSizeRel|x64.ActiveCfg = MinSizeRel|x64
		{EFDD00F4-756E-3BF9-9539-1B9F1DA0A451}.MinSizeRel|x64.Build.0 = MinSizeRel|x64
		{EFDD00F4-756E-3BF9-9539-1B9F1DA0A451}.Release|Win32.ActiveCfg = Release|Win32
		{EFDD00F4-756E-3BF9-9539-1B9F1DA0A451}.Release|Win32.Build.0 = Release|Win32
		{EFDD00F4-756E-3BF9-9539-1B9F1DA0A451}.Release|x64.ActiveCfg = Release|x64
		{EFDD00F4-756E-3BF9-9539-1B9F1DA0A451}.Release|x64.Build.0 = Release|x64
		{EFDD00F4-756E-3BF9-9539-1B9F1DA0A451}.RelWithDebInfo|Win32.ActiveCfg = RelWithDebInfo|Win32
		{EFDD00F4-756E-3BF9-9539-1B9F1DA0A451}.RelWithDebInfo|Win32.Build.0 = RelWithDebInfo|Win32
		{EFDD00F4-756E-3BF9-9539-1B9F1DA0A451}.RelWithDebInfo|x64.ActiveCfg = RelWithDebInfo|x64
		{EFDD00F4-756E-3BF9-9539-1B9F1DA0A451}.RelWithDebInfo|x64.Build.0 = RelWithDebInfo|x64
		{EB1ECD07-B8B8-33E1-AF0D-B2B8CA73E234}.Debug|Win32.ActiveCfg = Debug|Win32
		{EB1ECD07-B8B8-33E1-AF0D-B2B8CA73E234}.Debug|Win32.Build.0 = Debug|Win32
		{EB1ECD07-B8B8-33E1-AF0D-B2B8CA73E234}.Debug|x64.ActiveCfg = Debug|x64
		{EB1ECD07-B8B8-33E1-AF0D-B2B8CA73E234}.Debug|x64.Build.0 = Debug|x64
		{EB1ECD07-B8B8-33E1-AF0D-B2B8CA73E234}.MinSizeRel|Win32.ActiveCfg = MinSizeRel|Win32
		{EB1ECD07-B8B8-33E1-AF0D-B2B8CA73E234}.MinSizeRel|Win32.Build.0 = MinSizeRel|Win32
		{EB1ECD07-B8B8-33E1-AF0D-B2B8CA73E234}.MinSizeRel|x64.ActiveCfg = MinSizeRel|x64
		{EB1ECD07-B8B8-33E1-AF0D-B2B8CA73E234}.MinSizeRel|x64.Build.0 = MinSizeRel|x64
		{EB1ECD07-B8B8-33E1-AF0D-B2B8CA73E234}.Release|Win32.ActiveCfg = Release|Win32
		{EB1ECD07-B8B8-33E1-AF0D-B2B8CA73E234}.Release|Win32.Build.0 = Release|Win32
		{EB1ECD07-B8B8-33E1-AF0D-B2B8CA73E234}.Release|x64.ActiveCfg = Release|x64
		{EB1ECD07-B8B8-33E1-AF0D-B2B8CA73E234}.Release|x64.Build.0 = Release|x64
		{EB1ECD07-B8B8-33E1-AF0D-B2B8CA73E234}.RelWithDebInfo|Win32.ActiveCfg = RelWithDebInfo|Win32
		{EB1ECD07-B8B8-33E1-AF0D-B2B8CA73E234}.RelWithDebInfo|Win32.Build.0 = RelWithDebInfo|Win32
		{EB1ECD07-B8B8-33E1-AF0D-B2B8CA73E234}.RelWithDebInfo|x64.ActiveCfg = RelWithDebInfo|x64
		{EB1ECD07-B8B8-33E1-AF0D-B2B8CA73E234}.RelWithDebInfo|x64.Build.0 = RelWithDebInfo|x64
		{67637CA4-FE3E-3D84-953B-63B8E79EE6B5}.Debug|Win32.ActiveCfg = Debug|Win32
		{67637CA4-FE3E-3D84-953B-63B8E79EE6B5}.Debug|Win32.Build.0 = Debug|Win32
		{67637CA4-FE3E-3D84-953B-63B8E79EE6B5}.Debug|x64.ActiveCfg = Debug|x64
		{67637CA4-FE3E-3D84-953B-63B8E79EE6B5}.Debug|x64.Build.0 = Debug|x64
		{67637CA4-FE3E-3D84-953B-63B8E79EE6B5}.MinSizeRel|Win32.ActiveCfg = MinSizeRel|Win32
		{67637CA4-FE3E-3D84-953B-63B8E79EE6B5}.MinSizeRel|Win32.Build.0 = MinSizeRel|Win32
		{67637CA4-FE3E-3D84-953B-63B8E79EE6B5}.MinSizeRel|x64.ActiveCfg = MinSizeRel|x64
		{67637CA4-FE3E-3D84-953B-63B8E79EE6B5}.MinSizeRel|x64.Build.0 = MinSizeRel|x64
		{67637CA4-FE3E-3D84-953B-63B8E79EE6B5}.Release|Win32.ActiveCfg = Release|Win32
		{67637CA4-FE3E-3D84-953B-63B8E79EE6B5}.Release|Win32.Build.0 = Release|Win32
		{67637CA4-FE3E-3D84-953B-63B8E79EE6B5}.Release|x64.ActiveCfg = Release|x64
		{67637CA4-FE3E-3D84-953B-63B8E79EE6B5}.Release|x64.Build.0 = Release|x64
		{67637CA4-FE3E-3D84-953B-63B8E79EE6B5}.RelWithDebInfo|Win32.ActiveCfg = RelWithDebInfo|Win32
		{67637CA4-FE3E-3D84-953B-63B8E79EE6B5}.RelWithDebInfo|Win32.Build.0 = RelWithDebInfo|Win32
		{67637CA4-FE3E-3D84-953B-63B8E79EE6B5}.RelWithDebInfo|x64.ActiveCfg = RelWithDebInfo|x64
		{67637CA4-FE3E-3D84-953B-63B8E79EE6B5}.RelWithDebInfo|x64.Build.0 = RelWithDebInfo|x64
		{7A66DAE5-265D-30FB-8ECD-B3AEDBF2728F}.Debug|Win32.ActiveCfg = Debug|Win32
		{7A66DAE5-265D-30FB-8ECD-B3AEDBF2728F}.Debug|Win32.Build.0 = Debug|Win32
		{7A66DAE5-265D-30FB-8ECD-B3AEDBF2728F}.Debug|x64.ActiveCfg = Debug|x64
		{7A66DAE5-265D-30FB-8ECD-B3AEDBF2728F}.Debug|x64.Build.0 = Debug|x64
		{7A66DAE5-265D-30FB-8ECD-B3AEDBF2728F}.MinSizeRel|Win32.ActiveCfg = MinSizeRel|Win32
		{7A66DAE5-265D-30FB-8ECD-B3AEDBF2728F}.MinSizeRel|Win32.Build.0 = MinSizeRel|Win32
		{7A66DAE5-265D-30FB-8ECD-B3AEDBF2728F}.MinSizeRel|x64.ActiveCfg = MinSizeRel|x64
		{7A66DAE5-265D-30FB-8ECD-B3AEDBF2728F}.MinSizeRel|x64.Build.0 = MinSizeRel|x64
		{7A66DAE5-265D-30FB-8ECD-B3AEDBF2728F}.Release|Win32.ActiveCfg = Release|Win32
		{7A66DAE5-265D-30FB-8ECD-B3AEDBF2728F}.Release|Win32.Build.0 = Release|Win32
		{7A66DAE5-265D-30FB-8ECD-B3AEDBF2728F}.Release|x64.ActiveCfg = Release|x64
		{7A66DAE5-265D-30FB-8ECD-B3AEDBF2728F}.Release|x64.Build.0 = Release|x64
		{7A66DAE5-265D-30FB-8ECD-B3AEDBF2728F}.RelWithDebInfo|Win32.ActiveCfg = RelWithDebInfo|Win32
		{7A66DAE5-265D-30FB-8ECD-B3AEDBF2728F}.RelWithDebInfo|Win32.Build.0 = RelWithDebInfo|Win32
		{7A66DAE5-265D-30FB-8ECD-B3AEDBF2728F}.RelWithDebInfo|x64.ActiveCfg = RelWithDebInfo|x64
		{7A66DAE5-265D-30FB-8ECD-B3AEDBF2728F}.RelWithDebInfo|x64.Build.0 = RelWithDebInfo|x64
		{5770B98F-2728-3B93-AD73-5DB8A3945A85}.Debug|Win32.ActiveCfg = Debug|Win32
		{5770B98F-2728-3B93-AD73-5DB8A3945A85}.Debug|Win32.Build.0 = Debug|Win32
		{5770B98F-2728-3B93-AD73-5DB8A3945A85}.Debug|x64.ActiveCfg = Debug|x64
		{5770B98F-2728-3B93-AD73-5DB8A3945A85}.Debug|x64.Build.0 = Debug|x64
		{5770B98F-2728-3B93-AD73-5DB8A3945A85}.MinSizeRel|Win32.ActiveCfg = MinSizeRel|Win32
		{5770B98F-2728-3B93-AD73-5DB8A3945A85}.MinSizeRel|Win32.Build.0 = MinSizeRel|Win32
		{5770B98F-2728-3B93-AD73-5DB8A3945A85}.MinSizeRel|x64.ActiveCfg = MinSizeRel|x64
		{5770B98F-2728-3B93-AD73-5DB8A3945A85}.MinSizeRel|x64.Build.0 = MinSizeRel|x64
		{5770B98F-2728-3B93-AD73-5DB8A3945A85}.Release|Win32.ActiveCfg = Release|Win32
		{5770B98F-2728-3B93-AD73-5DB8A3945A85}.Release|Win32.Build.0 = Release|Win32
		{5770B98F-2728-3B93-AD73-5DB8A3945A85}.Release|x64.ActiveCfg = Release|x64
		{5770B98F-2728-3B93-AD73-5DB8A3945A85}.Release|x64.Build.0 = Release|x64
		{5770B98F-2728-3B93-AD73-5DB8A3945A85}.RelWithDebInfo|Win32.ActiveCfg = RelWithDebInfo|Win32
		{5770B98F-2728-3B93-AD73-5DB8A3945A85}.RelWithDebInfo|Win32.Build.0 = RelWithDebInfo|Win32
		{5770B98F-2728-3B93-AD73-5DB8A3945A85}.RelWithDebInfo|x64.ActiveCfg = RelWithDebInfo|x64
		{5770B98F-2728-3B93-AD73-5DB8A3945A85}.RelWithDebInfo|x64.Build.0 = RelWithDebInfo|x64
		{D8A861BE-E481-3A3C-BD52-17CFB6D418A0}.Debug|Win32.ActiveCfg = Debug|Win32
		{D8A861BE-E481-3A3C-BD52-17CFB6D418A0}.Debug|Win32.Build.0 = Debug|Win32
		{D8A861BE-E481-3A3C-BD52-17CFB6D418A0}.Debug|x64.ActiveCfg = Debug|x64
		{D8A861BE-E481-3A3C-BD52-17CFB6D418A0}.Debug|x64.Build.0 = Debug|x64
		{D8A861BE-E481-3A3C-BD52-17CFB6D418A0}.MinSizeRel|Win32.ActiveCfg = MinSizeRel|Win32
		{D8A861BE-E481-3A3C-BD52-17CFB6D418A0}.MinSizeRel|Win32.Build.0 = MinSizeRel|Win32
		{D8A861BE-E481-3A3C-BD52-17CFB6D418A0}.MinSizeRel|x64.ActiveCfg = MinSizeRel|x64
		{D8A861BE-E481-3A3C-BD52-17CFB6D418A0}.MinSizeRel|x64.Build.0 = MinSizeRel|x64
		{D8A861BE-E481-3A3C-BD52-17CFB6D418A0}.Release|Win32.ActiveCfg = Release|Win32
		{D8A861BE-E481-3A3C-BD52-17CFB6D418A0}.Release|Win32.Build.0 = Release|Win32
		{D8A861BE-E481-3A3C-BD52-17CFB6D418A0}.Release|x64.ActiveCfg = Release|x64
		{D8A861BE-E481-3A3C-BD52-17CFB6D418A0}.Release|x64.Build.0 = Release|x64
		{D8A861BE-E481-3A3C-BD52-17CFB6D418A0}.RelWithDebInfo|Win32.ActiveCfg = RelWithDebInfo|Win32
		{D8A861BE-E481-3A3C-BD52-17CFB6D418A0}.RelWithDebInfo|Win32.Build.0 = RelWithDebInfo|Win32
		{D8A861BE-E481-3A3C-BD52-17CFB6D418A0}.RelWithDebInfo|x64.ActiveCfg = RelWithDebInfo|x64
		{D8A861BE-E481-3A3C-BD52-17CFB6D418A0}.RelWithDebInfo|x64.Build.0 = RelWithDebInfo|x64
		{EDAD271D-55BB-3302-8FD1-DC1032BF8736}.Debug|Win32.ActiveCfg = Debug|Win32
		{EDAD271D-55BB-3302-8FD1-DC1032BF8736}.Debug|Win32.Build.0 = Debug|Win32
		{EDAD271D-55BB-3302-8FD1-DC1032BF8736}.Debug|x64.ActiveCfg = Debug|x64
		{EDAD271D-55BB-3302-8FD1-DC1032BF8736}.Debug|x64.Build.0 = Debug|x64
		{EDAD271D-55BB-3302-8FD1-DC1032BF8736}.MinSizeRel|Win32.ActiveCfg = MinSizeRel|Win32
		{EDAD271D-55BB-3302-8FD1-DC1032BF8736}.MinSizeRel|Win32.Build.0 = MinSizeRel|Win32
		{EDAD271D-55BB-3302-8FD1-DC1032BF8736}.MinSizeRel|x64.ActiveCfg = MinSizeRel|x64
		{EDAD271D-55BB-3302-8FD1-DC1032BF8736}.MinSizeRel|x64.Build.0 = MinSizeRel|x64
		{EDAD271D-55BB-3302-8FD1-DC1032BF8736}.Release|Win32.ActiveCfg = Release|Win32
		{EDAD271D-55BB-3302-8FD1-DC1032BF8736}.Release|Win32.Build.0 = Release|Win32
		{EDAD271D-55BB-3302-8FD1-DC1032BF8736}.Release|x64.ActiveCfg = Release|x64
		{EDAD271D-55BB-3302-8FD1-DC1032BF8736}.Release|x64.Build.0 = Release|x64
		{EDAD271D-55BB-3302-8FD1-DC1032BF8736}.RelWithDebInfo|Win32.ActiveCfg = RelWithDebInfo|Win32
		{EDAD271D-55BB-3302-8FD1-DC1032BF8736}.RelWithDebInfo|Win32.Build.0 = RelWithDebInfo|Win32
		{EDAD271D-55BB-3302-8FD1-DC1032BF8736}.RelWithDebInfo|x64.ActiveCfg = RelWithDebInfo|x64
		{EDAD271D-55BB-3302-8FD1-DC1032BF8736}.RelWithDebInfo|x64.Build.0 = RelWithDebInfo|x64
		{E07A7282-B629-3E47-A3B6-1AD980AF0BFF}.Debug|Win32.ActiveCfg = Debug|Win32
		{E07A7282-B629-3E47-A3B6-1AD980AF0BFF}.Debug|Win32.Build.0 = Debug|Win32
		{E07A7282-B629-3E47-A3B6-1AD980AF0BFF}.Debug|x64.ActiveCfg = Debug|x64
		{E07A7282-B629-3E47-A3B6-1AD980AF0BFF}.Debug|x64.Build.0 = Debug|x64
		{E07A7282-B629-3E47-A3B6-1AD980AF0BFF}.MinSizeRel|Win32.ActiveCfg = MinSizeRel|Win32
		{E07A7282-B629-3E47-A3B6-1AD980AF0BFF}.MinSizeRel|Win32.Build.0 = MinSizeRel|Win32
		{E07A7282-B629-3E47-A3B6-1AD980AF0BFF}.MinSizeRel|x64.ActiveCfg = MinSizeRel|x64
		{E07A7282-B629-3E47-A3B6-1AD980AF0BFF}.MinSizeRel|x64.Build.0 = MinSizeRel|x64
		{E07A7282-B629-3E47-A3B6-1AD980AF0BFF}.Release|Win32.ActiveCfg = Release|Win32
		{E07A7282-B629-3E47-A3B6-1AD980AF0BFF}.Release|Win32.Build.0 = Release|Win32
		{E07A7282-B629-3E47-A3B6-1AD980AF0BFF}.Release|x64.ActiveCfg = Release|x64
		{E07A7282-B629-3E47-A3B6-1AD980AF0BFF}.Release|x64.Build.0 = Release|x64
		{E07A7282-B629-3E47-A3B6-1AD980AF0BFF}.RelWithDebInfo|Win32.ActiveCfg = RelWithDebInfo|Win32
		{E07A7282-B629-3E47-A3B6-1AD980AF0BFF}.RelWithDebInfo|Win32.Build.0 = RelWithDebInfo|Win32
		{E07A7282-B629-3E47-A3B6-1AD980AF0BFF}.RelWithDebInfo|x64.ActiveCfg = RelWithDebInfo|x64
		{E07A7282-B629-3E47-A3B6-1AD980AF0BFF}.RelWithDebInfo|x64.Build.0 = RelWithDebInfo|x64
		{58CCD143-6A5E-3276-86E9-8C755B005249}.Debug|Win32.ActiveCfg = Debug|Win32
		{58CCD143-6A5E-3276-86E9-8C755B005249}.Debug|Win32.Build.0 = Debug|Win32
		{58CCD143-6A5E-3276-86E9-8C755B005249}.Debug|x64.ActiveCfg = Debug|x64
		{58CCD143-6A5E-3276-86E9-8C755B005249}.Debug|x64.Build.0 = Debug|x64
		{58CCD143-6A5E-3276-86E9-8C755B005249}.MinSizeRel|Win32.ActiveCfg = MinSizeRel|Win32
		{58CCD143-6A5E-3276-86E9-8C755B005249}.MinSizeRel|Win32.Build.0 = MinSizeRel|Win32
		{58CCD143-6A5E-3276-86E9-8C755B005249}.MinSizeRel|x64.ActiveCfg = MinSizeRel|x64
		{58CCD143-6A5E-3276-86E9-8C755B005249}.MinSizeRel|x64.Build.0 = MinSizeRel|x64
		{58CCD143-6A5E-3276-86E9-8C755B005249}.Release|Win32.ActiveCfg = Release|Win32
		{58CCD143-6A5E-3276-86E9-8C755B005249}.Release|Win32.Build.0 = Release|Win32
		{58CCD143-6A5E-3276-86E9-8C755B005249}.Release|x64.ActiveCfg = Release|x64
		{58CCD143-6A5E-3276-86E9-8C755B005249}.Release|x64.Build.0 = Release|x64
		{58CCD143-6A5E-3276-86E9-8C755B005249}.RelWithDebInfo|Win32.ActiveCfg = RelWithDebInfo|Win32
		{58CCD143-6A5E-3276-86E9-8C755B005249}.RelWithDebInfo|Win32.Build.0 = RelWithDebInfo|Win32
		{58CCD143-6A5E-3276-86E9-8C755B005249}.RelWithDebInfo|x64.ActiveCfg = RelWithDebInfo|x64
		{58CCD143-6A5E-3276-86E9-8C755B005249}.RelWithDebInfo|x64.Build.0 = RelWithDebInfo|x64
		{5AC6F970-69C4-3C9B-8FC5-9753C7B102F9}.Debug|Win32.ActiveCfg = Debug|Win32
		{5AC6F970-69C4-3C9B-8FC5-9753C7B102F9}.Debug|Win32.Build.0 = Debug|Win32
		{5AC6F970-69C4-3C9B-8FC5-9753C7B102F9}.Debug|x64.ActiveCfg = Debug|x64
		{5AC6F970-69C4-3C9B-8FC5-9753C7B102F9}.Debug|x64.Build.0 = Debug|x64
		{5AC6F970-69C4-3C9B-8FC5-9753C7B102F9}.MinSizeRel|Win32.ActiveCfg = MinSizeRel|Win32
		{5AC6F970-69C4-3C9B-8FC5-9753C7B102F9}.MinSizeRel|Win32.Build.0 = MinSizeRel|Win32
		{5AC6F970-69C4-3C9B-8FC5-9753C7B102F9}.MinSizeRel|x64.ActiveCfg = MinSizeRel|x64
		{5AC6F970-69C4-3C9B-8FC5-9753C7B102F9}.MinSizeRel|x64.Build.0 = MinSizeRel|x64
		{5AC6F970-69C4-3C9B-8FC5-9753C7B102F9}.Release|Win32.ActiveCfg = Release|Win32
		{5AC6F970-69C4-3C9B-8FC5-9753C7B102F9}.Release|Win32.Build.0 = Release|Win32
		{5AC6F970-69C4-3C9B-8FC5-9753C7B102F9}.Release|x64.ActiveCfg = Release|x64
		{5AC6F970-69C4-3C9B-8FC5-9753C7B102F9}.Release|x64.Build.0 = Release|x64
		{5AC6F970-69C4-3C9B-8FC5-9753C7B102F9}.RelWithDebInfo|Win32.ActiveCfg = RelWithDebInfo|Win32
		{5AC6F970-69C4-3C9B-8FC5-9753C7B102F9}.RelWithDebInfo|Win32.Build.0 = RelWithDebInfo|Win32
		{5AC6F970-69C4-3C9B-8FC5-9753C7B102F9}.RelWithDebInfo|x64.ActiveCfg = RelWithDebInfo|x64
		{5AC6F970-69C4-3C9B-8FC5-9753C7B102F9}.RelWithDebInfo|x64.Build.0 = RelWithDebInfo|x64
		{10AF3FCB-BEA3-3C6A-8239-26F211929390}.Debug|Win32.ActiveCfg = Debug|Win32
		{10AF3FCB-BEA3-3C6A-8239-26F211929390}.Debug|Win32.Build.0 = Debug|Win32
		{10AF3FCB-BEA3-3C6A-8239-26F211929390}.Debug|x64.ActiveCfg = Debug|x64
		{10AF3FCB-BEA3-3C6A-8239-26F211929390}.Debug|x64.Build.0 = Debug|x64
		{10AF3FCB-BEA3-3C6A-8239-26F211929390}.MinSizeRel|Win32.ActiveCfg = MinSizeRel|Win32
		{10AF3FCB-BEA3-3C6A-8239-26F211929390}.MinSizeRel|Win32.Build.0 = MinSizeRel|Win32
		{10AF3FCB-BEA3-3C6A-8239-26F211929390}.MinSizeRel|x64.ActiveCfg = MinSizeRel|x64
		{10AF3FCB-BEA3-3C6A-8239-26F211929390}.MinSizeRel|x64.Build.0 = MinSizeRel|x64
		{10AF3FCB-BEA3-3C6A-8239-26F211929390}.Release|Win32.ActiveCfg = Release|Win32
		{10AF3FCB-BEA3-3C6A-8239-26F211929390}.Release|Win32.Build.0 = Release|Win32
		{10AF3FCB-BEA3-3C6A-8239-26F211929390}.Release|x64.ActiveCfg = Release|x64
		{10AF3FCB-BEA3-3C6A-8239-26F211929390}.Release|x64.Build.0 = Release|x64
		{10AF3FCB-BEA3-3C6A-8239-26F211929390}.RelWithDebInfo|Win32.ActiveCfg = RelWithDebInfo|Win32
		{10AF3FCB-BEA3-3C6A-8239-26F211929390}.RelWithDebInfo|Win32.Build.0 = RelWithDebInfo|Win32
		{10AF3FCB-BEA3-3C6A-8239-26F211929390}.RelWithDebInfo|x64.ActiveCfg = RelWithDebInfo|x64
		{10AF3FCB-BEA3-3C6A-8239-26F211929390}.RelWithDebInfo|x64.Build.0 = RelWithDebInfo|x64
		{DD9E2FC7-BCFF-32EC-958A-4653D2C16730}.Debug|Win32.ActiveCfg = Debug|Win32
		{DD9E2FC7-BCFF-32EC-958A-4653D2C16730}.Debug|x64.ActiveCfg = Debug|x64
		{DD9E2FC7-BCFF-32EC-958A-4653D2C16730}.MinSizeRel|Win32.ActiveCfg = MinSizeRel|Win32
		{DD9E2FC7-BCFF-32EC-958A-4653D2C16730}.MinSizeRel|x64.ActiveCfg = MinSizeRel|x64
		{DD9E2FC7-BCFF-32EC-958A-4653D2C16730}.Release|Win32.ActiveCfg = Release|Win32
		{DD9E2FC7-BCFF-32EC-958A-4653D2C16730}.Release|x64.ActiveCfg = Release|x64
		{DD9E2FC7-BCFF-32EC-958A-4653D2C16730}.RelWithDebInfo|Win32.ActiveCfg = RelWithDebInfo|Win32
		{DD9E2FC7-BCFF-32EC-958A-4653D2C16730}.RelWithDebInfo|x64.ActiveCfg = RelWithDebInfo|x64
		{3D18E74A-B794-36D9-8E26-C4D476EA33C1}.Debug|Win32.ActiveCfg = Debug|Win32
		{3D18E74A-B794-36D9-8E26-C4D476EA33C1}.Debug|Win32.Build.0 = Debug|Win32
		{3D18E74A-B794-36D9-8E26-C4D476EA33C1}.Debug|x64.ActiveCfg = Debug|x64
		{3D18E74A-B794-36D9-8E26-C4D476EA33C1}.Debug|x64.Build.0 = Debug|x64
		{3D18E74A-B794-36D9-8E26-C4D476EA33C1}.MinSizeRel|Win32.ActiveCfg = MinSizeRel|Win32
		{3D18E74A-B794-36D9-8E26-C4D476EA33C1}.MinSizeRel|Win32.Build.0 = MinSizeRel|Win32
		{3D18E74A-B794-36D9-8E26-C4D476EA33C1}.MinSizeRel|x64.ActiveCfg = MinSizeRel|x64
		{3D18E74A-B794-36D9-8E26-C4D476EA33C1}.MinSizeRel|x64.Build.0 = MinSizeRel|x64
		{3D18E74A-B794-36D9-8E26-C4D476EA33C1}.Release|Win32.ActiveCfg = Release|Win32
		{3D18E74A-B794-36D9-8E26-C4D476EA33C1}.Release|Win32.Build.0 = Release|Win32
		{3D18E74A-B794-36D9-8E26-C4D476EA33C1}.Release|x64.ActiveCfg = Release|x64
		{3D18E74A-B794-36D9-8E26-C4D476EA33C1}.Release|x64.Build.0 = Release|x64
		{3D18E74A-B794-36D9-8E26-C4D476EA33C1}.RelWithDebInfo|Win32.ActiveCfg = RelWithDebInfo|Win32
		{3D18E74A-B794-36D9-8E26-C4D476EA33C1}.RelWithDebInfo|Win32.Build.0 = RelWithDebInfo|Win32
		{3D18E74A-B794-36D9-8E26-C4D476EA33C1}.RelWithDebInfo|x64.ActiveCfg = RelWithDebInfo|x64
		{3D18E74A-B794-36D9-8E26-C4D476EA33C1}.RelWithDebInfo|x64.Build.0 = RelWithDebInfo|x64
		{59FBA465-C99B-3E29-8FF7-A431A172F776}.Debug|Win32.ActiveCfg = Debug|Win32
		{59FBA465-C99B-3E29-8FF7-A431A172F776}.Debug|Win32.Build.0 = Debug|Win32
		{59FBA465-C99B-3E29-8FF7-A431A172F776}.Debug|x64.ActiveCfg = Debug|x64
		{59FBA465-C99B-3E29-8FF7-A431A172F776}.Debug|x64.Build.0 = Debug|x64
		{59FBA465-C99B-3E29-8FF7-A431A172F776}.MinSizeRel|Win32.ActiveCfg = MinSizeRel|Win32
		{59FBA465-C99B-3E29-8FF7-A431A172F776}.MinSizeRel|Win32.Build.0 = MinSizeRel|Win32
		{59FBA465-C99B-3E29-8FF7-A431A172F776}.MinSizeRel|x64.ActiveCfg = MinSizeRel|x64
		{59FBA465-C99B-3E29-8FF7-A431A172F776}.MinSizeRel|x64.Build.0 = MinSizeRel|x64
		{59FBA465-C99B-3E29-8FF7-A431A172F776}.Release|Win32.ActiveCfg = Release|Win32
		{59FBA465-C99B-3E29-8FF7-A431A172F776}.Release|Win32.Build.0 = Release|Win32
		{59FBA465-C99B-3E29-8FF7-A431A172F776}.Release|x64.ActiveCfg = Release|x64
		{59FBA465-C99B-3E29-8FF7-A431A172F776}.Release|x64.Build.0 = Release|x64
		{59FBA465-C99B-3E29-8FF7-A431A172F776}.RelWithDebInfo|Win32.ActiveCfg = RelWithDebInfo|Win32
		{59FBA465-C99B-3E29-8FF7-A431A172F776}.RelWithDebInfo|Win32.Build.0 = RelWithDebInfo|Win32
		{59FBA465-C99B-3E29-8FF7-A431A172F776}.RelWithDebInfo|x64.ActiveCfg = RelWithDebInfo|x64
		{59FBA465-C99B-3E29-8FF7-A431A172F776}.RelWithDebInfo|x64.Build.0 = RelWithDebInfo|x64
	EndGlobalSection
	GlobalSection(SolutionProperties) = preSolution
		HideSolutionNode = FALSE
	EndGlobalSection
	GlobalSection(NestedProjects) = preSolution
		{824C52CA-B799-3E6A-8F61-F7139A2ADD9B} = {D4EA9015-1F2E-3DD8-8051-03F4BF58426D}
		{61C6A98A-53A7-3830-B9AA-745E362824FB} = {D4EA9015-1F2E-3DD8-8051-03F4BF58426D}
		{4241DA71-4E34-3CA6-8AF3-28F98EE12BDF} = {9B57F957-DA91-3230-9D9C-72C9E741C163}
		{3AD2F912-2C6A-3E18-9563-865A5765C8A9} = {9B57F957-DA91-3230-9D9C-72C9E741C163}
		{868C8854-936C-3B7B-834E-B8A66EA7FE72} = {9B57F957-DA91-3230-9D9C-72C9E741C163}
		{3D638C04-E8AE-37ED-99E1-2C0D3072DD3E} = {824C52CA-B799-3E6A-8F61-F7139A2ADD9B}
		{DFF536D0-DB31-3C72-A3B3-9EDDCC32C7ED} = {61C6A98A-53A7-3830-B9AA-745E362824FB}
		{2E30460D-B495-345F-B404-239EF076295A} = {61C6A98A-53A7-3830-B9AA-745E362824FB}
		{FE21316B-A9C4-3D15-82DD-6C363D82B3F9} = {61C6A98A-53A7-3830-B9AA-745E362824FB}
		{D4133893-DB84-34AF-8D2E-3C309FFCB1AF} = {61C6A98A-53A7-3830-B9AA-745E362824FB}
		{721426F9-A9B2-3C9C-BF74-A8B98EB872DB} = {61C6A98A-53A7-3830-B9AA-745E362824FB}
		{E7228A34-991B-3967-9750-5C7C4884A841} = {824C52CA-B799-3E6A-8F61-F7139A2ADD9B}
		{62160165-2892-31CC-9CF1-AAF385CA1F6E} = {D4EA9015-1F2E-3DD8-8051-03F4BF58426D}
		{46F43EAA-B6D8-3021-B986-1C02E2F3B449} = {61C6A98A-53A7-3830-B9AA-745E362824FB}
		{75B5A59B-8CE1-31F7-8412-C0455E9038F6} = {824C52CA-B799-3E6A-8F61-F7139A2ADD9B}
		{F7BB373E-6FDF-3A25-AE08-A0994D96FAF0} = {61C6A98A-53A7-3830-B9AA-745E362824FB}
		{EE415924-DF94-3F8A-86BC-9710863D05CA} = {61C6A98A-53A7-3830-B9AA-745E362824FB}
		{A6608986-E52F-3FB2-95F6-6E851A7C3F1F} = {61C6A98A-53A7-3830-B9AA-745E362824FB}
		{EFDD00F4-756E-3BF9-9539-1B9F1DA0A451} = {61C6A98A-53A7-3830-B9AA-745E362824FB}
		{EB1ECD07-B8B8-33E1-AF0D-B2B8CA73E234} = {61C6A98A-53A7-3830-B9AA-745E362824FB}
		{67637CA4-FE3E-3D84-953B-63B8E79EE6B5} = {824C52CA-B799-3E6A-8F61-F7139A2ADD9B}
		{7A66DAE5-265D-30FB-8ECD-B3AEDBF2728F} = {61C6A98A-53A7-3830-B9AA-745E362824FB}
		{5770B98F-2728-3B93-AD73-5DB8A3945A85} = {61C6A98A-53A7-3830-B9AA-745E362824FB}
		{D8A861BE-E481-3A3C-BD52-17CFB6D418A0} = {824C52CA-B799-3E6A-8F61-F7139A2ADD9B}
		{EDAD271D-55BB-3302-8FD1-DC1032BF8736} = {824C52CA-B799-3E6A-8F61-F7139A2ADD9B}
		{E07A7282-B629-3E47-A3B6-1AD980AF0BFF} = {61C6A98A-53A7-3830-B9AA-745E362824FB}
		{58CCD143-6A5E-3276-86E9-8C755B005249} = {61C6A98A-53A7-3830-B9AA-745E362824FB}
		{5AC6F970-69C4-3C9B-8FC5-9753C7B102F9} = {61C6A98A-53A7-3830-B9AA-745E362824FB}
		{10AF3FCB-BEA3-3C6A-8239-26F211929390} = {61C6A98A-53A7-3830-B9AA-745E362824FB}
		{3D18E74A-B794-36D9-8E26-C4D476EA33C1} = {824C52CA-B799-3E6A-8F61-F7139A2ADD9B}
		{59FBA465-C99B-3E29-8FF7-A431A172F776} = {61C6A98A-53A7-3830-B9AA-745E362824FB}
	EndGlobalSection
	GlobalSection(ExtensibilityGlobals) = postSolution
		SolutionGuid = {1DEC0421-E7AE-33B1-82DB-12F0263545D3}
	EndGlobalSection
EndGlobal
